// !$*UTF8*$!
{
	archiveVersion = 1;
	classes = {
	};
	objectVersion = 46;
	objects = {

/* Begin PBXBuildFile section */
		34F8D4551A2D6228000D257B /* main.m in Sources */ = {isa = PBXBuildFile; fileRef = 34F8D4541A2D6228000D257B /* main.m */; };
		34F8D4581A2D6228000D257B /* AppDelegate.m in Sources */ = {isa = PBXBuildFile; fileRef = 34F8D4571A2D6228000D257B /* AppDelegate.m */; };
		34F8D45B1A2D6228000D257B /* ViewController.m in Sources */ = {isa = PBXBuildFile; fileRef = 34F8D45A1A2D6228000D257B /* ViewController.m */; };
		34F8D45E1A2D6228000D257B /* Main.storyboard in Resources */ = {isa = PBXBuildFile; fileRef = 34F8D45C1A2D6228000D257B /* Main.storyboard */; };
		34F8D4601A2D6228000D257B /* Images.xcassets in Resources */ = {isa = PBXBuildFile; fileRef = 34F8D45F1A2D6228000D257B /* Images.xcassets */; };
		34F8D4631A2D6228000D257B /* LaunchScreen.xib in Resources */ = {isa = PBXBuildFile; fileRef = 34F8D4611A2D6228000D257B /* LaunchScreen.xib */; };
		34F8D46F1A2D6228000D257B /* NEXT_LibraryTests.m in Sources */ = {isa = PBXBuildFile; fileRef = 34F8D46E1A2D6228000D257B /* NEXT_LibraryTests.m */; };
		34F8D47B1A2D6313000D257B /* LoginViewController.m in Sources */ = {isa = PBXBuildFile; fileRef = 34F8D47A1A2D6313000D257B /* LoginViewController.m */; };
		34F8D47E1A2D6393000D257B /* RegisterEmailViewController.m in Sources */ = {isa = PBXBuildFile; fileRef = 34F8D47D1A2D6393000D257B /* RegisterEmailViewController.m */; };
		34F8D4871A2D692C000D257B /* inputBar_registerEmail.png in Resources */ = {isa = PBXBuildFile; fileRef = 34F8D4841A2D692C000D257B /* inputBar_registerEmail.png */; };
		34F8D4881A2D692C000D257B /* logo.png in Resources */ = {isa = PBXBuildFile; fileRef = 34F8D4851A2D692C000D257B /* logo.png */; };
		34F8D4891A2D692C000D257B /* verticalBar_registerEamil.png in Resources */ = {isa = PBXBuildFile; fileRef = 34F8D4861A2D692C000D257B /* verticalBar_registerEamil.png */; };
		34F8D48D1A2D6A11000D257B /* InitProfileViewController.m in Sources */ = {isa = PBXBuildFile; fileRef = 34F8D48C1A2D6A11000D257B /* InitProfileViewController.m */; };
/* End PBXBuildFile section */

/* Begin PBXContainerItemProxy section */
		34F8D4691A2D6228000D257B /* PBXContainerItemProxy */ = {
			isa = PBXContainerItemProxy;
			containerPortal = 34F8D4471A2D6228000D257B /* Project object */;
			proxyType = 1;
			remoteGlobalIDString = 34F8D44E1A2D6228000D257B;
			remoteInfo = NEXT_Library;
		};
/* End PBXContainerItemProxy section */

/* Begin PBXFileReference section */
		34F8D44F1A2D6228000D257B /* NEXT_Library.app */ = {isa = PBXFileReference; explicitFileType = wrapper.application; includeInIndex = 0; path = NEXT_Library.app; sourceTree = BUILT_PRODUCTS_DIR; };
		34F8D4531A2D6228000D257B /* Info.plist */ = {isa = PBXFileReference; lastKnownFileType = text.plist.xml; path = Info.plist; sourceTree = "<group>"; };
		34F8D4541A2D6228000D257B /* main.m */ = {isa = PBXFileReference; lastKnownFileType = sourcecode.c.objc; path = main.m; sourceTree = "<group>"; };
		34F8D4561A2D6228000D257B /* AppDelegate.h */ = {isa = PBXFileReference; lastKnownFileType = sourcecode.c.h; path = AppDelegate.h; sourceTree = "<group>"; };
		34F8D4571A2D6228000D257B /* AppDelegate.m */ = {isa = PBXFileReference; lastKnownFileType = sourcecode.c.objc; path = AppDelegate.m; sourceTree = "<group>"; };
		34F8D4591A2D6228000D257B /* ViewController.h */ = {isa = PBXFileReference; lastKnownFileType = sourcecode.c.h; path = ViewController.h; sourceTree = "<group>"; };
		34F8D45A1A2D6228000D257B /* ViewController.m */ = {isa = PBXFileReference; lastKnownFileType = sourcecode.c.objc; path = ViewController.m; sourceTree = "<group>"; };
		34F8D45D1A2D6228000D257B /* Base */ = {isa = PBXFileReference; lastKnownFileType = file.storyboard; name = Base; path = Base.lproj/Main.storyboard; sourceTree = "<group>"; };
		34F8D45F1A2D6228000D257B /* Images.xcassets */ = {isa = PBXFileReference; lastKnownFileType = folder.assetcatalog; path = Images.xcassets; sourceTree = "<group>"; };
		34F8D4621A2D6228000D257B /* Base */ = {isa = PBXFileReference; lastKnownFileType = file.xib; name = Base; path = Base.lproj/LaunchScreen.xib; sourceTree = "<group>"; };
		34F8D4681A2D6228000D257B /* NEXT_LibraryTests.xctest */ = {isa = PBXFileReference; explicitFileType = wrapper.cfbundle; includeInIndex = 0; path = NEXT_LibraryTests.xctest; sourceTree = BUILT_PRODUCTS_DIR; };
		34F8D46D1A2D6228000D257B /* Info.plist */ = {isa = PBXFileReference; lastKnownFileType = text.plist.xml; path = Info.plist; sourceTree = "<group>"; };
		34F8D46E1A2D6228000D257B /* NEXT_LibraryTests.m */ = {isa = PBXFileReference; lastKnownFileType = sourcecode.c.objc; path = NEXT_LibraryTests.m; sourceTree = "<group>"; };
		34F8D4791A2D6313000D257B /* LoginViewController.h */ = {isa = PBXFileReference; fileEncoding = 4; lastKnownFileType = sourcecode.c.h; name = LoginViewController.h; path = Login/LoginViewController.h; sourceTree = "<group>"; };
		34F8D47A1A2D6313000D257B /* LoginViewController.m */ = {isa = PBXFileReference; fileEncoding = 4; lastKnownFileType = sourcecode.c.objc; name = LoginViewController.m; path = Login/LoginViewController.m; sourceTree = "<group>"; };
		34F8D47C1A2D6393000D257B /* RegisterEmailViewController.h */ = {isa = PBXFileReference; fileEncoding = 4; lastKnownFileType = sourcecode.c.h; name = RegisterEmailViewController.h; path = RegisterEmail/RegisterEmailViewController.h; sourceTree = "<group>"; };
		34F8D47D1A2D6393000D257B /* RegisterEmailViewController.m */ = {isa = PBXFileReference; fileEncoding = 4; lastKnownFileType = sourcecode.c.objc; name = RegisterEmailViewController.m; path = RegisterEmail/RegisterEmailViewController.m; sourceTree = "<group>"; };
		34F8D4841A2D692C000D257B /* inputBar_registerEmail.png */ = {isa = PBXFileReference; lastKnownFileType = image.png; path = inputBar_registerEmail.png; sourceTree = "<group>"; };
		34F8D4851A2D692C000D257B /* logo.png */ = {isa = PBXFileReference; lastKnownFileType = image.png; path = logo.png; sourceTree = "<group>"; };
		34F8D4861A2D692C000D257B /* verticalBar_registerEamil.png */ = {isa = PBXFileReference; lastKnownFileType = image.png; path = verticalBar_registerEamil.png; sourceTree = "<group>"; };
		34F8D48B1A2D6A11000D257B /* InitProfileViewController.h */ = {isa = PBXFileReference; fileEncoding = 4; lastKnownFileType = sourcecode.c.h; name = InitProfileViewController.h; path = InitProfile/InitProfileViewController.h; sourceTree = "<group>"; };
		34F8D48C1A2D6A11000D257B /* InitProfileViewController.m */ = {isa = PBXFileReference; fileEncoding = 4; lastKnownFileType = sourcecode.c.objc; name = InitProfileViewController.m; path = InitProfile/InitProfileViewController.m; sourceTree = "<group>"; };
/* End PBXFileReference section */

/* Begin PBXFrameworksBuildPhase section */
		34F8D44C1A2D6228000D257B /* Frameworks */ = {
			isa = PBXFrameworksBuildPhase;
			buildActionMask = 2147483647;
			files = (
			);
			runOnlyForDeploymentPostprocessing = 0;
		};
		34F8D4651A2D6228000D257B /* Frameworks */ = {
			isa = PBXFrameworksBuildPhase;
			buildActionMask = 2147483647;
			files = (
			);
			runOnlyForDeploymentPostprocessing = 0;
		};
/* End PBXFrameworksBuildPhase section */

/* Begin PBXGroup section */
		34F8D4461A2D6228000D257B = {
			isa = PBXGroup;
			children = (
				34F8D4511A2D6228000D257B /* NEXT_Library */,
				34F8D46B1A2D6228000D257B /* NEXT_LibraryTests */,
				34F8D4501A2D6228000D257B /* Products */,
			);
			sourceTree = "<group>";
		};
		34F8D4501A2D6228000D257B /* Products */ = {
			isa = PBXGroup;
			children = (
				34F8D44F1A2D6228000D257B /* NEXT_Library.app */,
				34F8D4681A2D6228000D257B /* NEXT_LibraryTests.xctest */,
			);
			name = Products;
			sourceTree = "<group>";
		};
		34F8D4511A2D6228000D257B /* NEXT_Library */ = {
			isa = PBXGroup;
			children = (
				34F8D4561A2D6228000D257B /* AppDelegate.h */,
				34F8D47F1A2D639F000D257B /* RegisterEmail */,
				34F8D4781A2D62D5000D257B /* Login */,
				34F8D4571A2D6228000D257B /* AppDelegate.m */,
				34F8D4591A2D6228000D257B /* ViewController.h */,
				34F8D4801A2D6444000D257B /* InitProfile */,
				34F8D48A1A2D692F000D257B /* imgSorce */,
				34F8D45A1A2D6228000D257B /* ViewController.m */,
				34F8D45C1A2D6228000D257B /* Main.storyboard */,
				34F8D45F1A2D6228000D257B /* Images.xcassets */,
				34F8D4611A2D6228000D257B /* LaunchScreen.xib */,
				34F8D4521A2D6228000D257B /* Supporting Files */,
			);
			path = NEXT_Library;
			sourceTree = "<group>";
		};
		34F8D4521A2D6228000D257B /* Supporting Files */ = {
			isa = PBXGroup;
			children = (
				34F8D4531A2D6228000D257B /* Info.plist */,
				34F8D4541A2D6228000D257B /* main.m */,
			);
			name = "Supporting Files";
			sourceTree = "<group>";
		};
		34F8D46B1A2D6228000D257B /* NEXT_LibraryTests */ = {
			isa = PBXGroup;
			children = (
				34F8D46E1A2D6228000D257B /* NEXT_LibraryTests.m */,
				34F8D46C1A2D6228000D257B /* Supporting Files */,
			);
			path = NEXT_LibraryTests;
			sourceTree = "<group>";
		};
		34F8D46C1A2D6228000D257B /* Supporting Files */ = {
			isa = PBXGroup;
			children = (
				34F8D46D1A2D6228000D257B /* Info.plist */,
			);
			name = "Supporting Files";
			sourceTree = "<group>";
		};
		34F8D4781A2D62D5000D257B /* Login */ = {
			isa = PBXGroup;
			children = (
				34F8D4791A2D6313000D257B /* LoginViewController.h */,
				34F8D47A1A2D6313000D257B /* LoginViewController.m */,
			);
			name = Login;
			sourceTree = "<group>";
		};
		34F8D47F1A2D639F000D257B /* RegisterEmail */ = {
			isa = PBXGroup;
			children = (
				34F8D47D1A2D6393000D257B /* RegisterEmailViewController.m */,
				34F8D47C1A2D6393000D257B /* RegisterEmailViewController.h */,
			);
			name = RegisterEmail;
			sourceTree = "<group>";
		};
		34F8D4801A2D6444000D257B /* InitProfile */ = {
			isa = PBXGroup;
			children = (
				34F8D48B1A2D6A11000D257B /* InitProfileViewController.h */,
				34F8D48C1A2D6A11000D257B /* InitProfileViewController.m */,
			);
			name = InitProfile;
			sourceTree = "<group>";
		};
		34F8D48A1A2D692F000D257B /* imgSorce */ = {
			isa = PBXGroup;
			children = (
				34F8D4861A2D692C000D257B /* verticalBar_registerEamil.png */,
				34F8D4841A2D692C000D257B /* inputBar_registerEmail.png */,
				34F8D4851A2D692C000D257B /* logo.png */,
			);
			name = imgSorce;
			sourceTree = "<group>";
		};
/* End PBXGroup section */

/* Begin PBXNativeTarget section */
		34F8D44E1A2D6228000D257B /* NEXT_Library */ = {
			isa = PBXNativeTarget;
			buildConfigurationList = 34F8D4721A2D6228000D257B /* Build configuration list for PBXNativeTarget "NEXT_Library" */;
			buildPhases = (
				34F8D44B1A2D6228000D257B /* Sources */,
				34F8D44C1A2D6228000D257B /* Frameworks */,
				34F8D44D1A2D6228000D257B /* Resources */,
			);
			buildRules = (
			);
			dependencies = (
			);
			name = NEXT_Library;
			productName = NEXT_Library;
			productReference = 34F8D44F1A2D6228000D257B /* NEXT_Library.app */;
			productType = "com.apple.product-type.application";
		};
		34F8D4671A2D6228000D257B /* NEXT_LibraryTests */ = {
			isa = PBXNativeTarget;
			buildConfigurationList = 34F8D4751A2D6228000D257B /* Build configuration list for PBXNativeTarget "NEXT_LibraryTests" */;
			buildPhases = (
				34F8D4641A2D6228000D257B /* Sources */,
				34F8D4651A2D6228000D257B /* Frameworks */,
				34F8D4661A2D6228000D257B /* Resources */,
			);
			buildRules = (
			);
			dependencies = (
				34F8D46A1A2D6228000D257B /* PBXTargetDependency */,
			);
			name = NEXT_LibraryTests;
			productName = NEXT_LibraryTests;
			productReference = 34F8D4681A2D6228000D257B /* NEXT_LibraryTests.xctest */;
			productType = "com.apple.product-type.bundle.unit-test";
		};
/* End PBXNativeTarget section */

/* Begin PBXProject section */
		34F8D4471A2D6228000D257B /* Project object */ = {
			isa = PBXProject;
			attributes = {
				LastUpgradeCheck = 0610;
				ORGANIZATIONNAME = FineApple;
				TargetAttributes = {
					34F8D44E1A2D6228000D257B = {
						CreatedOnToolsVersion = 6.1;
					};
					34F8D4671A2D6228000D257B = {
						CreatedOnToolsVersion = 6.1;
						TestTargetID = 34F8D44E1A2D6228000D257B;
					};
				};
			};
			buildConfigurationList = 34F8D44A1A2D6228000D257B /* Build configuration list for PBXProject "NEXT_Library" */;
			compatibilityVersion = "Xcode 3.2";
			developmentRegion = English;
			hasScannedForEncodings = 0;
			knownRegions = (
				en,
				Base,
			);
			mainGroup = 34F8D4461A2D6228000D257B;
			productRefGroup = 34F8D4501A2D6228000D257B /* Products */;
			projectDirPath = "";
			projectRoot = "";
			targets = (
				34F8D44E1A2D6228000D257B /* NEXT_Library */,
				34F8D4671A2D6228000D257B /* NEXT_LibraryTests */,
			);
		};
/* End PBXProject section */

/* Begin PBXResourcesBuildPhase section */
		34F8D44D1A2D6228000D257B /* Resources */ = {
			isa = PBXResourcesBuildPhase;
			buildActionMask = 2147483647;
			files = (
				34F8D45E1A2D6228000D257B /* Main.storyboard in Resources */,
				34F8D4881A2D692C000D257B /* logo.png in Resources */,
				34F8D4631A2D6228000D257B /* LaunchScreen.xib in Resources */,
				34F8D4891A2D692C000D257B /* verticalBar_registerEamil.png in Resources */,
				34F8D4871A2D692C000D257B /* inputBar_registerEmail.png in Resources */,
				34F8D4601A2D6228000D257B /* Images.xcassets in Resources */,
			);
			runOnlyForDeploymentPostprocessing = 0;
		};
		34F8D4661A2D6228000D257B /* Resources */ = {
			isa = PBXResourcesBuildPhase;
			buildActionMask = 2147483647;
			files = (
			);
			runOnlyForDeploymentPostprocessing = 0;
		};
/* End PBXResourcesBuildPhase section */

/* Begin PBXSourcesBuildPhase section */
		34F8D44B1A2D6228000D257B /* Sources */ = {
			isa = PBXSourcesBuildPhase;
			buildActionMask = 2147483647;
			files = (
				34F8D47B1A2D6313000D257B /* LoginViewController.m in Sources */,
				34F8D45B1A2D6228000D257B /* ViewController.m in Sources */,
				34F8D48D1A2D6A11000D257B /* InitProfileViewController.m in Sources */,
				34F8D4581A2D6228000D257B /* AppDelegate.m in Sources */,
				34F8D4551A2D6228000D257B /* main.m in Sources */,
				34F8D47E1A2D6393000D257B /* RegisterEmailViewController.m in Sources */,
			);
			runOnlyForDeploymentPostprocessing = 0;
		};
		34F8D4641A2D6228000D257B /* Sources */ = {
			isa = PBXSourcesBuildPhase;
			buildActionMask = 2147483647;
			files = (
				34F8D46F1A2D6228000D257B /* NEXT_LibraryTests.m in Sources */,
			);
			runOnlyForDeploymentPostprocessing = 0;
		};
/* End PBXSourcesBuildPhase section */

/* Begin PBXTargetDependency section */
		34F8D46A1A2D6228000D257B /* PBXTargetDependency */ = {
			isa = PBXTargetDependency;
			target = 34F8D44E1A2D6228000D257B /* NEXT_Library */;
			targetProxy = 34F8D4691A2D6228000D257B /* PBXContainerItemProxy */;
		};
/* End PBXTargetDependency section */

/* Begin PBXVariantGroup section */
		34F8D45C1A2D6228000D257B /* Main.storyboard */ = {
			isa = PBXVariantGroup;
			children = (
				34F8D45D1A2D6228000D257B /* Base */,
			);
			name = Main.storyboard;
			sourceTree = "<group>";
		};
		34F8D4611A2D6228000D257B /* LaunchScreen.xib */ = {
			isa = PBXVariantGroup;
			children = (
				34F8D4621A2D6228000D257B /* Base */,
			);
			name = LaunchScreen.xib;
			sourceTree = "<group>";
		};
/* End PBXVariantGroup section */

/* Begin XCBuildConfiguration section */
		34F8D4701A2D6228000D257B /* Debug */ = {
			isa = XCBuildConfiguration;
			buildSettings = {
				ALWAYS_SEARCH_USER_PATHS = NO;
				CLANG_CXX_LANGUAGE_STANDARD = "gnu++0x";
				CLANG_CXX_LIBRARY = "libc++";
				CLANG_ENABLE_MODULES = YES;
				CLANG_ENABLE_OBJC_ARC = YES;
				CLANG_WARN_BOOL_CONVERSION = YES;
				CLANG_WARN_CONSTANT_CONVERSION = YES;
				CLANG_WARN_DIRECT_OBJC_ISA_USAGE = YES_ERROR;
				CLANG_WARN_EMPTY_BODY = YES;
				CLANG_WARN_ENUM_CONVERSION = YES;
				CLANG_WARN_INT_CONVERSION = YES;
				CLANG_WARN_OBJC_ROOT_CLASS = YES_ERROR;
				CLANG_WARN_UNREACHABLE_CODE = YES;
				CLANG_WARN__DUPLICATE_METHOD_MATCH = YES;
				"CODE_SIGN_IDENTITY[sdk=iphoneos*]" = "iPhone Developer";
				COPY_PHASE_STRIP = NO;
				ENABLE_STRICT_OBJC_MSGSEND = YES;
				GCC_C_LANGUAGE_STANDARD = gnu99;
				GCC_DYNAMIC_NO_PIC = NO;
				GCC_OPTIMIZATION_LEVEL = 0;
				GCC_PREPROCESSOR_DEFINITIONS = (
					"DEBUG=1",
					"$(inherited)",
				);
				GCC_SYMBOLS_PRIVATE_EXTERN = NO;
				GCC_WARN_64_TO_32_BIT_CONVERSION = YES;
				GCC_WARN_ABOUT_RETURN_TYPE = YES_ERROR;
				GCC_WARN_UNDECLARED_SELECTOR = YES;
				GCC_WARN_UNINITIALIZED_AUTOS = YES_AGGRESSIVE;
				GCC_WARN_UNUSED_FUNCTION = YES;
				GCC_WARN_UNUSED_VARIABLE = YES;
				IPHONEOS_DEPLOYMENT_TARGET = 8.1;
				MTL_ENABLE_DEBUG_INFO = YES;
				ONLY_ACTIVE_ARCH = YES;
				SDKROOT = iphoneos;
			};
			name = Debug;
		};
		34F8D4711A2D6228000D257B /* Release */ = {
			isa = XCBuildConfiguration;
			buildSettings = {
				ALWAYS_SEARCH_USER_PATHS = NO;
				CLANG_CXX_LANGUAGE_STANDARD = "gnu++0x";
				CLANG_CXX_LIBRARY = "libc++";
				CLANG_ENABLE_MODULES = YES;
				CLANG_ENABLE_OBJC_ARC = YES;
				CLANG_WARN_BOOL_CONVERSION = YES;
				CLANG_WARN_CONSTANT_CONVERSION = YES;
				CLANG_WARN_DIRECT_OBJC_ISA_USAGE = YES_ERROR;
				CLANG_WARN_EMPTY_BODY = YES;
				CLANG_WARN_ENUM_CONVERSION = YES;
				CLANG_WARN_INT_CONVERSION = YES;
				CLANG_WARN_OBJC_ROOT_CLASS = YES_ERROR;
				CLANG_WARN_UNREACHABLE_CODE = YES;
				CLANG_WARN__DUPLICATE_METHOD_MATCH = YES;
				"CODE_SIGN_IDENTITY[sdk=iphoneos*]" = "iPhone Developer";
				COPY_PHASE_STRIP = YES;
				ENABLE_NS_ASSERTIONS = NO;
				ENABLE_STRICT_OBJC_MSGSEND = YES;
				GCC_C_LANGUAGE_STANDARD = gnu99;
				GCC_WARN_64_TO_32_BIT_CONVERSION = YES;
				GCC_WARN_ABOUT_RETURN_TYPE = YES_ERROR;
				GCC_WARN_UNDECLARED_SELECTOR = YES;
				GCC_WARN_UNINITIALIZED_AUTOS = YES_AGGRESSIVE;
				GCC_WARN_UNUSED_FUNCTION = YES;
				GCC_WARN_UNUSED_VARIABLE = YES;
				IPHONEOS_DEPLOYMENT_TARGET = 8.1;
				MTL_ENABLE_DEBUG_INFO = NO;
				SDKROOT = iphoneos;
				VALIDATE_PRODUCT = YES;
			};
			name = Release;
		};
		34F8D4731A2D6228000D257B /* Debug */ = {
			isa = XCBuildConfiguration;
			buildSettings = {
				ASSETCATALOG_COMPILER_APPICON_NAME = AppIcon;
				INFOPLIST_FILE = NEXT_Library/Info.plist;
				LD_RUNPATH_SEARCH_PATHS = "$(inherited) @executable_path/Frameworks";
				PRODUCT_NAME = "$(TARGET_NAME)";
			};
			name = Debug;
		};
		34F8D4741A2D6228000D257B /* Release */ = {
			isa = XCBuildConfiguration;
			buildSettings = {
				ASSETCATALOG_COMPILER_APPICON_NAME = AppIcon;
				INFOPLIST_FILE = NEXT_Library/Info.plist;
				LD_RUNPATH_SEARCH_PATHS = "$(inherited) @executable_path/Frameworks";
				PRODUCT_NAME = "$(TARGET_NAME)";
			};
			name = Release;
		};
		34F8D4761A2D6228000D257B /* Debug */ = {
			isa = XCBuildConfiguration;
			buildSettings = {
				BUNDLE_LOADER = "$(TEST_HOST)";
				FRAMEWORK_SEARCH_PATHS = (
					"$(SDKROOT)/Developer/Library/Frameworks",
					"$(inherited)",
				);
				GCC_PREPROCESSOR_DEFINITIONS = (
					"DEBUG=1",
					"$(inherited)",
				);
				INFOPLIST_FILE = NEXT_LibraryTests/Info.plist;
				LD_RUNPATH_SEARCH_PATHS = "$(inherited) @executable_path/Frameworks @loader_path/Frameworks";
				PRODUCT_NAME = "$(TARGET_NAME)";
				TEST_HOST = "$(BUILT_PRODUCTS_DIR)/NEXT_Library.app/NEXT_Library";
			};
			name = Debug;
		};
		34F8D4771A2D6228000D257B /* Release */ = {
			isa = XCBuildConfiguration;
			buildSettings = {
				BUNDLE_LOADER = "$(TEST_HOST)";
				FRAMEWORK_SEARCH_PATHS = (
					"$(SDKROOT)/Developer/Library/Frameworks",
					"$(inherited)",
				);
				INFOPLIST_FILE = NEXT_LibraryTests/Info.plist;
				LD_RUNPATH_SEARCH_PATHS = "$(inherited) @executable_path/Frameworks @loader_path/Frameworks";
				PRODUCT_NAME = "$(TARGET_NAME)";
				TEST_HOST = "$(BUILT_PRODUCTS_DIR)/NEXT_Library.app/NEXT_Library";
			};
			name = Release;
		};
/* End XCBuildConfiguration section */

/* Begin XCConfigurationList section */
		34F8D44A1A2D6228000D257B /* Build configuration list for PBXProject "NEXT_Library" */ = {
			isa = XCConfigurationList;
			buildConfigurations = (
				34F8D4701A2D6228000D257B /* Debug */,
				34F8D4711A2D6228000D257B /* Release */,
			);
			defaultConfigurationIsVisible = 0;
			defaultConfigurationName = Release;
		};
		34F8D4721A2D6228000D257B /* Build configuration list for PBXNativeTarget "NEXT_Library" */ = {
			isa = XCConfigurationList;
			buildConfigurations = (
				34F8D4731A2D6228000D257B /* Debug */,
				34F8D4741A2D6228000D257B /* Release */,
			);
			defaultConfigurationIsVisible = 0;
			defaultConfigurationName = Release;
		};
		34F8D4751A2D6228000D257B /* Build configuration list for PBXNativeTarget "NEXT_LibraryTests" */ = {
			isa = XCConfigurationList;
			buildConfigurations = (
				34F8D4761A2D6228000D257B /* Debug */,
				34F8D4771A2D6228000D257B /* Release */,
			);
			defaultConfigurationIsVisible = 0;
			defaultConfigurationName = Release;
		};
/* End XCConfigurationList section */
	};
	rootObject = 34F8D4471A2D6228000D257B /* Project object */;
}
