// !$*UTF8*$!
{
	archiveVersion = 1;
	classes = {
	};
	objectVersion = 46;
	objects = {

/* Begin PBXBuildFile section */
		34219F621A3F048C0040CE38 /* BookTableViewCell.m in Sources */ = {isa = PBXBuildFile; fileRef = 34219F611A3F048C0040CE38 /* BookTableViewCell.m */; };
		34F8D4551A2D6228000D257B /* main.m in Sources */ = {isa = PBXBuildFile; fileRef = 34F8D4541A2D6228000D257B /* main.m */; };
		34F8D4581A2D6228000D257B /* AppDelegate.m in Sources */ = {isa = PBXBuildFile; fileRef = 34F8D4571A2D6228000D257B /* AppDelegate.m */; };
		34F8D45B1A2D6228000D257B /* ViewController.m in Sources */ = {isa = PBXBuildFile; fileRef = 34F8D45A1A2D6228000D257B /* ViewController.m */; };
		34F8D45E1A2D6228000D257B /* Main.storyboard in Resources */ = {isa = PBXBuildFile; fileRef = 34F8D45C1A2D6228000D257B /* Main.storyboard */; };
		34F8D4601A2D6228000D257B /* Images.xcassets in Resources */ = {isa = PBXBuildFile; fileRef = 34F8D45F1A2D6228000D257B /* Images.xcassets */; };
		34F8D4631A2D6228000D257B /* LaunchScreen.xib in Resources */ = {isa = PBXBuildFile; fileRef = 34F8D4611A2D6228000D257B /* LaunchScreen.xib */; };
		34F8D46F1A2D6228000D257B /* NEXT_LibraryTests.m in Sources */ = {isa = PBXBuildFile; fileRef = 34F8D46E1A2D6228000D257B /* NEXT_LibraryTests.m */; };
		34F8D47B1A2D6313000D257B /* LoginViewController.m in Sources */ = {isa = PBXBuildFile; fileRef = 34F8D47A1A2D6313000D257B /* LoginViewController.m */; };
		34F8D47E1A2D6393000D257B /* RegisterEmailViewController.m in Sources */ = {isa = PBXBuildFile; fileRef = 34F8D47D1A2D6393000D257B /* RegisterEmailViewController.m */; };
		34F8D4871A2D692C000D257B /* inputBar_registerEmail.png in Resources */ = {isa = PBXBuildFile; fileRef = 34F8D4841A2D692C000D257B /* inputBar_registerEmail.png */; };
		34F8D4891A2D692C000D257B /* verticalBar_registerEamil.png in Resources */ = {isa = PBXBuildFile; fileRef = 34F8D4861A2D692C000D257B /* verticalBar_registerEamil.png */; };
		5C06316B1A36CF860009D042 /* LoginModel.m in Sources */ = {isa = PBXBuildFile; fileRef = 5C06316A1A36CF860009D042 /* LoginModel.m */; };
		5C18DAC51A4EF0F2005DDB70 /* postingModel.m in Sources */ = {isa = PBXBuildFile; fileRef = 5C18DAC41A4EF0F2005DDB70 /* postingModel.m */; };
		5C2968331A35D3740029CBD0 /* TimelineTabController.m in Sources */ = {isa = PBXBuildFile; fileRef = 5C2968321A35D3740029CBD0 /* TimelineTabController.m */; };
		5C2C2A461A43F4F00040BCD9 /* TimelineViewController.m in Sources */ = {isa = PBXBuildFile; fileRef = 5C2C2A451A43F4F00040BCD9 /* TimelineViewController.m */; };
		5C2C2A491A44073E0040BCD9 /* like_icon.png in Resources */ = {isa = PBXBuildFile; fileRef = 5C2C2A481A44073E0040BCD9 /* like_icon.png */; };
		5C2C2A4C1A4419110040BCD9 /* comment_icon.png in Resources */ = {isa = PBXBuildFile; fileRef = 5C2C2A4A1A4419110040BCD9 /* comment_icon.png */; };
		5C2C2A4D1A4419110040BCD9 /* scrap_icon.png in Resources */ = {isa = PBXBuildFile; fileRef = 5C2C2A4B1A4419110040BCD9 /* scrap_icon.png */; };
		5C2C2A4F1A441F9C0040BCD9 /* bookcover_sample.jpeg in Resources */ = {isa = PBXBuildFile; fileRef = 5C2C2A4E1A441F9C0040BCD9 /* bookcover_sample.jpeg */; };
		5C2C2A511A4467830040BCD9 /* book_icon.png in Resources */ = {isa = PBXBuildFile; fileRef = 5C2C2A501A4467830040BCD9 /* book_icon.png */; };
		5C2C2A531A4469380040BCD9 /* user_icon.png in Resources */ = {isa = PBXBuildFile; fileRef = 5C2C2A521A4469380040BCD9 /* user_icon.png */; };
		5C2C2A591A4494260040BCD9 /* timelineButton.m in Sources */ = {isa = PBXBuildFile; fileRef = 5C2C2A581A4494260040BCD9 /* timelineButton.m */; };
		5C2C2A5C1A4498A80040BCD9 /* like_active.png in Resources */ = {isa = PBXBuildFile; fileRef = 5C2C2A5A1A4498A80040BCD9 /* like_active.png */; };
		5C2C2A5D1A4498A80040BCD9 /* like_inactive.png in Resources */ = {isa = PBXBuildFile; fileRef = 5C2C2A5B1A4498A80040BCD9 /* like_inactive.png */; };
		5C2C2A621A4499080040BCD9 /* comment_active.png in Resources */ = {isa = PBXBuildFile; fileRef = 5C2C2A5E1A4499080040BCD9 /* comment_active.png */; };
		5C2C2A631A4499080040BCD9 /* comment_inactive.png in Resources */ = {isa = PBXBuildFile; fileRef = 5C2C2A5F1A4499080040BCD9 /* comment_inactive.png */; };
		5C2C2A641A4499080040BCD9 /* scrap_active.png in Resources */ = {isa = PBXBuildFile; fileRef = 5C2C2A601A4499080040BCD9 /* scrap_active.png */; };
		5C2C2A651A4499080040BCD9 /* scrap_inactive.png in Resources */ = {isa = PBXBuildFile; fileRef = 5C2C2A611A4499080040BCD9 /* scrap_inactive.png */; };
		5C2C2A681A449ED60040BCD9 /* TimelineTableViewCell.m in Sources */ = {isa = PBXBuildFile; fileRef = 5C2C2A671A449ED60040BCD9 /* TimelineTableViewCell.m */; };
		5C2C2A6A1A44A13D0040BCD9 /* TimelineModel.m in Sources */ = {isa = PBXBuildFile; fileRef = 5C2C2A691A44A13D0040BCD9 /* TimelineModel.m */; };
		5C2F51761A48873D009DA465 /* TimelineTableView.m in Sources */ = {isa = PBXBuildFile; fileRef = 5C2F51751A48873D009DA465 /* TimelineTableView.m */; };
		5C2F51771A48874A009DA465 /* TimelineTableView.h in Sources */ = {isa = PBXBuildFile; fileRef = 5C2F51741A48873D009DA465 /* TimelineTableView.h */; };
		5C321D8A1A4F2C1400DADD90 /* serachResultBookButton.m in Sources */ = {isa = PBXBuildFile; fileRef = 5C321D891A4F2C1400DADD90 /* serachResultBookButton.m */; };
		5C321D8B1A4F2C3F00DADD90 /* serachResultBookButton.h in Sources */ = {isa = PBXBuildFile; fileRef = 5C321D881A4F2C1400DADD90 /* serachResultBookButton.h */; };
		5C321D8E1A50295200DADD90 /* PostingScrollView.m in Sources */ = {isa = PBXBuildFile; fileRef = 5C321D8D1A50295200DADD90 /* PostingScrollView.m */; };
		5C6E3F421A2DA8C500E50A7E /* logo.png in Resources */ = {isa = PBXBuildFile; fileRef = 5C6E3F401A2DA8C500E50A7E /* logo.png */; };
		5C6E3F431A2DA8C500E50A7E /* underline.png in Resources */ = {isa = PBXBuildFile; fileRef = 5C6E3F411A2DA8C500E50A7E /* underline.png */; };
		5C79CBAE1A5103180037E70A /* icon-60@2X.png in Resources */ = {isa = PBXBuildFile; fileRef = 5C79CBAD1A5103180037E70A /* icon-60@2X.png */; };
		5C79CBB21A511C1F0037E70A /* SettingViewController.m in Sources */ = {isa = PBXBuildFile; fileRef = 5C79CBB11A511C1F0037E70A /* SettingViewController.m */; };
		5C79CBB61A512F230037E70A /* read.png in Resources */ = {isa = PBXBuildFile; fileRef = 5C79CBB41A512F230037E70A /* read.png */; };
		5C79CBB71A512F230037E70A /* wish.png in Resources */ = {isa = PBXBuildFile; fileRef = 5C79CBB51A512F230037E70A /* wish.png */; };
		5C79CBB91A5130EA0037E70A /* profile_icon.png in Resources */ = {isa = PBXBuildFile; fileRef = 5C79CBB81A5130EA0037E70A /* profile_icon.png */; };
		5C79CBBC1A5131440037E70A /* SettingModifyNameViewController.m in Sources */ = {isa = PBXBuildFile; fileRef = 5C79CBBB1A5131440037E70A /* SettingModifyNameViewController.m */; };
		5C79CBBF1A5132860037E70A /* SettingModifyPasswordViewController.m in Sources */ = {isa = PBXBuildFile; fileRef = 5C79CBBE1A5132860037E70A /* SettingModifyPasswordViewController.m */; };
		5C79CBC11A513C040037E70A /* SettingModel.m in Sources */ = {isa = PBXBuildFile; fileRef = 5C79CBC01A513C040037E70A /* SettingModel.m */; };
		5C7E49BB1A470B47000E53EE /* TimelineModel.h in Sources */ = {isa = PBXBuildFile; fileRef = 5C7E49BA1A470B3B000E53EE /* TimelineModel.h */; };
		5C7E49BD1A470E8F000E53EE /* newpost_icon.png in Resources */ = {isa = PBXBuildFile; fileRef = 5C7E49BC1A470E8F000E53EE /* newpost_icon.png */; };
		5C7E49C01A470F72000E53EE /* timelineTabButton.m in Sources */ = {isa = PBXBuildFile; fileRef = 5C7E49BF1A470F72000E53EE /* timelineTabButton.m */; };
		5C8D13021A38560000628527 /* MainTabViewController.m in Sources */ = {isa = PBXBuildFile; fileRef = 5C8D13011A38560000628527 /* MainTabViewController.m */; };
		5C8E43E61A401D6400A5AA38 /* SetBookFirstTableViewController.m in Sources */ = {isa = PBXBuildFile; fileRef = 5C8E43E51A401D6400A5AA38 /* SetBookFirstTableViewController.m */; };
		5C8E43E91A401D8900A5AA38 /* NXBookDataModel.m in Sources */ = {isa = PBXBuildFile; fileRef = 5C8E43E81A401D8900A5AA38 /* NXBookDataModel.m */; };
		5C8E43ED1A401E1300A5AA38 /* InitProfileViewController.m in Sources */ = {isa = PBXBuildFile; fileRef = 5C8E43EC1A401E1300A5AA38 /* InitProfileViewController.m */; };
		5C8E43F11A40244800A5AA38 /* publicSetting.m in Sources */ = {isa = PBXBuildFile; fileRef = 5C8E43F01A40244800A5AA38 /* publicSetting.m */; };
		5C8E43F41A40255500A5AA38 /* publicSetting.h in Sources */ = {isa = PBXBuildFile; fileRef = 5C8E43F21A40245C00A5AA38 /* publicSetting.h */; };
		5C9F52A21A4E6A88008BCB36 /* pics.png in Resources */ = {isa = PBXBuildFile; fileRef = 5C9F52A01A4E6A88008BCB36 /* pics.png */; };
		5C9F52A31A4E6A88008BCB36 /* quote.png in Resources */ = {isa = PBXBuildFile; fileRef = 5C9F52A11A4E6A88008BCB36 /* quote.png */; };
		5CA7CD221A45EEA300BE538A /* TimelineTableViewCell.h in Sources */ = {isa = PBXBuildFile; fileRef = 5C2C2A661A449ED60040BCD9 /* TimelineTableViewCell.h */; };
		5CAF805E1A2F927A00B114F9 /* frame-000000.png in Resources */ = {isa = PBXBuildFile; fileRef = 5CAF802C1A2F927900B114F9 /* frame-000000.png */; };
		5CAF805F1A2F927A00B114F9 /* frame-000001.png in Resources */ = {isa = PBXBuildFile; fileRef = 5CAF802D1A2F927900B114F9 /* frame-000001.png */; };
		5CAF80601A2F927A00B114F9 /* frame-000002.png in Resources */ = {isa = PBXBuildFile; fileRef = 5CAF802E1A2F927900B114F9 /* frame-000002.png */; };
		5CAF80611A2F927A00B114F9 /* frame-000003.png in Resources */ = {isa = PBXBuildFile; fileRef = 5CAF802F1A2F927900B114F9 /* frame-000003.png */; };
		5CAF80621A2F927A00B114F9 /* frame-000004.png in Resources */ = {isa = PBXBuildFile; fileRef = 5CAF80301A2F927900B114F9 /* frame-000004.png */; };
		5CAF80631A2F927A00B114F9 /* frame-000005.png in Resources */ = {isa = PBXBuildFile; fileRef = 5CAF80311A2F927900B114F9 /* frame-000005.png */; };
		5CAF80641A2F927A00B114F9 /* frame-000006.png in Resources */ = {isa = PBXBuildFile; fileRef = 5CAF80321A2F927900B114F9 /* frame-000006.png */; };
		5CAF80651A2F927A00B114F9 /* frame-000007.png in Resources */ = {isa = PBXBuildFile; fileRef = 5CAF80331A2F927900B114F9 /* frame-000007.png */; };
		5CAF80661A2F927A00B114F9 /* frame-000008.png in Resources */ = {isa = PBXBuildFile; fileRef = 5CAF80341A2F927900B114F9 /* frame-000008.png */; };
		5CAF80671A2F927A00B114F9 /* frame-000009.png in Resources */ = {isa = PBXBuildFile; fileRef = 5CAF80351A2F927900B114F9 /* frame-000009.png */; };
		5CAF80681A2F927A00B114F9 /* frame-000010.png in Resources */ = {isa = PBXBuildFile; fileRef = 5CAF80361A2F927900B114F9 /* frame-000010.png */; };
		5CAF80691A2F927A00B114F9 /* frame-000011.png in Resources */ = {isa = PBXBuildFile; fileRef = 5CAF80371A2F927900B114F9 /* frame-000011.png */; };
		5CAF806A1A2F927A00B114F9 /* frame-000012.png in Resources */ = {isa = PBXBuildFile; fileRef = 5CAF80381A2F927900B114F9 /* frame-000012.png */; };
		5CAF806B1A2F927A00B114F9 /* frame-000013.png in Resources */ = {isa = PBXBuildFile; fileRef = 5CAF80391A2F927900B114F9 /* frame-000013.png */; };
		5CAF806C1A2F927A00B114F9 /* frame-000014.png in Resources */ = {isa = PBXBuildFile; fileRef = 5CAF803A1A2F927900B114F9 /* frame-000014.png */; };
		5CAF806D1A2F927A00B114F9 /* frame-000015.png in Resources */ = {isa = PBXBuildFile; fileRef = 5CAF803B1A2F927900B114F9 /* frame-000015.png */; };
		5CAF806E1A2F927A00B114F9 /* frame-000016.png in Resources */ = {isa = PBXBuildFile; fileRef = 5CAF803C1A2F927900B114F9 /* frame-000016.png */; };
		5CAF806F1A2F927A00B114F9 /* frame-000017.png in Resources */ = {isa = PBXBuildFile; fileRef = 5CAF803D1A2F927900B114F9 /* frame-000017.png */; };
		5CAF80701A2F927A00B114F9 /* frame-000018.png in Resources */ = {isa = PBXBuildFile; fileRef = 5CAF803E1A2F927900B114F9 /* frame-000018.png */; };
		5CAF80711A2F927A00B114F9 /* frame-000019.png in Resources */ = {isa = PBXBuildFile; fileRef = 5CAF803F1A2F927900B114F9 /* frame-000019.png */; };
		5CAF80721A2F927A00B114F9 /* frame-000020.png in Resources */ = {isa = PBXBuildFile; fileRef = 5CAF80401A2F927900B114F9 /* frame-000020.png */; };
		5CAF80731A2F927A00B114F9 /* frame-000021.png in Resources */ = {isa = PBXBuildFile; fileRef = 5CAF80411A2F927900B114F9 /* frame-000021.png */; };
		5CAF80741A2F927A00B114F9 /* frame-000022.png in Resources */ = {isa = PBXBuildFile; fileRef = 5CAF80421A2F927900B114F9 /* frame-000022.png */; };
		5CAF80751A2F927A00B114F9 /* frame-000023.png in Resources */ = {isa = PBXBuildFile; fileRef = 5CAF80431A2F927900B114F9 /* frame-000023.png */; };
		5CAF80761A2F927A00B114F9 /* frame-000024.png in Resources */ = {isa = PBXBuildFile; fileRef = 5CAF80441A2F927900B114F9 /* frame-000024.png */; };
		5CAF80771A2F927A00B114F9 /* frame-000025.png in Resources */ = {isa = PBXBuildFile; fileRef = 5CAF80451A2F927900B114F9 /* frame-000025.png */; };
		5CAF80781A2F927A00B114F9 /* frame-000026.png in Resources */ = {isa = PBXBuildFile; fileRef = 5CAF80461A2F927900B114F9 /* frame-000026.png */; };
		5CAF80791A2F927A00B114F9 /* frame-000027.png in Resources */ = {isa = PBXBuildFile; fileRef = 5CAF80471A2F927900B114F9 /* frame-000027.png */; };
		5CAF807A1A2F927A00B114F9 /* frame-000028.png in Resources */ = {isa = PBXBuildFile; fileRef = 5CAF80481A2F927900B114F9 /* frame-000028.png */; };
		5CAF807B1A2F927A00B114F9 /* frame-000029.png in Resources */ = {isa = PBXBuildFile; fileRef = 5CAF80491A2F927900B114F9 /* frame-000029.png */; };
		5CAF807C1A2F927A00B114F9 /* frame-000030.png in Resources */ = {isa = PBXBuildFile; fileRef = 5CAF804A1A2F927900B114F9 /* frame-000030.png */; };
		5CAF807D1A2F927A00B114F9 /* frame-000031.png in Resources */ = {isa = PBXBuildFile; fileRef = 5CAF804B1A2F927900B114F9 /* frame-000031.png */; };
		5CAF807E1A2F927A00B114F9 /* frame-000032.png in Resources */ = {isa = PBXBuildFile; fileRef = 5CAF804C1A2F927900B114F9 /* frame-000032.png */; };
		5CAF807F1A2F927A00B114F9 /* frame-000033.png in Resources */ = {isa = PBXBuildFile; fileRef = 5CAF804D1A2F927900B114F9 /* frame-000033.png */; };
		5CAF80801A2F927A00B114F9 /* frame-000034.png in Resources */ = {isa = PBXBuildFile; fileRef = 5CAF804E1A2F927900B114F9 /* frame-000034.png */; };
		5CAF80811A2F927A00B114F9 /* frame-000035.png in Resources */ = {isa = PBXBuildFile; fileRef = 5CAF804F1A2F927900B114F9 /* frame-000035.png */; };
		5CAF80821A2F927A00B114F9 /* frame-000036.png in Resources */ = {isa = PBXBuildFile; fileRef = 5CAF80501A2F927900B114F9 /* frame-000036.png */; };
		5CAF80831A2F927A00B114F9 /* frame-000037.png in Resources */ = {isa = PBXBuildFile; fileRef = 5CAF80511A2F927900B114F9 /* frame-000037.png */; };
		5CAF80841A2F927A00B114F9 /* frame-000038.png in Resources */ = {isa = PBXBuildFile; fileRef = 5CAF80521A2F927900B114F9 /* frame-000038.png */; };
		5CAF80851A2F927A00B114F9 /* frame-000039.png in Resources */ = {isa = PBXBuildFile; fileRef = 5CAF80531A2F927900B114F9 /* frame-000039.png */; };
		5CAF80861A2F927A00B114F9 /* frame-000040.png in Resources */ = {isa = PBXBuildFile; fileRef = 5CAF80541A2F927900B114F9 /* frame-000040.png */; };
		5CAF80871A2F927A00B114F9 /* frame-000041.png in Resources */ = {isa = PBXBuildFile; fileRef = 5CAF80551A2F927900B114F9 /* frame-000041.png */; };
		5CAF80881A2F927A00B114F9 /* frame-000042.png in Resources */ = {isa = PBXBuildFile; fileRef = 5CAF80561A2F927900B114F9 /* frame-000042.png */; };
		5CAF80891A2F927A00B114F9 /* frame-000043.png in Resources */ = {isa = PBXBuildFile; fileRef = 5CAF80571A2F927900B114F9 /* frame-000043.png */; };
		5CAF808A1A2F927A00B114F9 /* frame-000044.png in Resources */ = {isa = PBXBuildFile; fileRef = 5CAF80581A2F927900B114F9 /* frame-000044.png */; };
		5CAF808B1A2F927A00B114F9 /* frame-000045.png in Resources */ = {isa = PBXBuildFile; fileRef = 5CAF80591A2F927900B114F9 /* frame-000045.png */; };
		5CAF808C1A2F927A00B114F9 /* frame-000046.png in Resources */ = {isa = PBXBuildFile; fileRef = 5CAF805A1A2F927900B114F9 /* frame-000046.png */; };
		5CAF808D1A2F927A00B114F9 /* frame-000047.png in Resources */ = {isa = PBXBuildFile; fileRef = 5CAF805B1A2F927900B114F9 /* frame-000047.png */; };
		5CAF808E1A2F927A00B114F9 /* frame-000048.png in Resources */ = {isa = PBXBuildFile; fileRef = 5CAF805C1A2F927A00B114F9 /* frame-000048.png */; };
		5CAF808F1A2F927A00B114F9 /* frame-000049.png in Resources */ = {isa = PBXBuildFile; fileRef = 5CAF805D1A2F927A00B114F9 /* frame-000049.png */; };
		5CB742C91A2DAE2A006EA127 /* logo.png in Resources */ = {isa = PBXBuildFile; fileRef = 5CB742C81A2DAE2A006EA127 /* logo.png */; };
		5CDF811F1A403D1400E79AD9 /* nav.png in Resources */ = {isa = PBXBuildFile; fileRef = 5CDF811E1A403D1400E79AD9 /* nav.png */; };
		5CDF81211A40440700E79AD9 /* navShadow.png in Resources */ = {isa = PBXBuildFile; fileRef = 5CDF81201A40440700E79AD9 /* navShadow.png */; };
		5CDF812C1A40484F00E79AD9 /* SearchNavController.m in Sources */ = {isa = PBXBuildFile; fileRef = 5CDF812B1A40484F00E79AD9 /* SearchNavController.m */; };
		5CDF812F1A4048FA00E79AD9 /* SearchTableViewController.m in Sources */ = {isa = PBXBuildFile; fileRef = 5CDF812E1A4048FA00E79AD9 /* SearchTableViewController.m */; };
		5CDF81461A404C8700E79AD9 /* TimelineTableViewController_mypost.m in Sources */ = {isa = PBXBuildFile; fileRef = 5CDF81451A404C8700E79AD9 /* TimelineTableViewController_mypost.m */; };
		5CDF814C1A404DBF00E79AD9 /* PostingViewController.m in Sources */ = {isa = PBXBuildFile; fileRef = 5CDF814B1A404DBF00E79AD9 /* PostingViewController.m */; };
		5CDF81501A404E2500E79AD9 /* YourLibraryTableViewController.m in Sources */ = {isa = PBXBuildFile; fileRef = 5CDF814F1A404E2500E79AD9 /* YourLibraryTableViewController.m */; };
		5CDF81541A404E7300E79AD9 /* PostDetailTableViewController.m in Sources */ = {isa = PBXBuildFile; fileRef = 5CDF81531A404E7300E79AD9 /* PostDetailTableViewController.m */; };
		5CDF81581A404EE800E79AD9 /* BookDetailViewController.m in Sources */ = {isa = PBXBuildFile; fileRef = 5CDF81571A404EE800E79AD9 /* BookDetailViewController.m */; };
		5CDF815B1A40734300E79AD9 /* LoadScene.m in Sources */ = {isa = PBXBuildFile; fileRef = 5CDF815A1A40734300E79AD9 /* LoadScene.m */; };
		5CDF815D1A4073BF00E79AD9 /* LoadScene.h in Sources */ = {isa = PBXBuildFile; fileRef = 5CDF815C1A40735A00E79AD9 /* LoadScene.h */; };
		5CDF81621A4079CE00E79AD9 /* myLibrary_icon.png in Resources */ = {isa = PBXBuildFile; fileRef = 5CDF815E1A4079CE00E79AD9 /* myLibrary_icon.png */; };
		5CDF81631A4079CE00E79AD9 /* recommand_icon.png in Resources */ = {isa = PBXBuildFile; fileRef = 5CDF815F1A4079CE00E79AD9 /* recommand_icon.png */; };
		5CDF81641A4079CE00E79AD9 /* search_icon.png in Resources */ = {isa = PBXBuildFile; fileRef = 5CDF81601A4079CE00E79AD9 /* search_icon.png */; };
		5CDF81651A4079CE00E79AD9 /* timeline_icon.png in Resources */ = {isa = PBXBuildFile; fileRef = 5CDF81611A4079CE00E79AD9 /* timeline_icon.png */; };
		5CDF816A1A407C5500E79AD9 /* myLibrary_icon_select.png in Resources */ = {isa = PBXBuildFile; fileRef = 5CDF81661A407C5500E79AD9 /* myLibrary_icon_select.png */; };
		5CDF816B1A407C5500E79AD9 /* recommand_icon_select.png in Resources */ = {isa = PBXBuildFile; fileRef = 5CDF81671A407C5500E79AD9 /* recommand_icon_select.png */; };
		5CDF816C1A407C5500E79AD9 /* search_icon_select.png in Resources */ = {isa = PBXBuildFile; fileRef = 5CDF81681A407C5500E79AD9 /* search_icon_select.png */; };
		5CDF816D1A407C5500E79AD9 /* timeline_icon_select.png in Resources */ = {isa = PBXBuildFile; fileRef = 5CDF81691A407C5500E79AD9 /* timeline_icon_select.png */; };
		5CEF8F191A4EAE0E00818075 /* postingBookSearch.m in Sources */ = {isa = PBXBuildFile; fileRef = 5CEF8F181A4EAE0E00818075 /* postingBookSearch.m */; };
/* End PBXBuildFile section */

/* Begin PBXContainerItemProxy section */
		34F8D4691A2D6228000D257B /* PBXContainerItemProxy */ = {
			isa = PBXContainerItemProxy;
			containerPortal = 34F8D4471A2D6228000D257B /* Project object */;
			proxyType = 1;
			remoteGlobalIDString = 34F8D44E1A2D6228000D257B;
			remoteInfo = NEXT_Library;
		};
/* End PBXContainerItemProxy section */

/* Begin PBXFileReference section */
		34219F601A3F048C0040CE38 /* BookTableViewCell.h */ = {isa = PBXFileReference; fileEncoding = 4; lastKnownFileType = sourcecode.c.h; name = BookTableViewCell.h; path = SetBookFirst/BookTableViewCell.h; sourceTree = "<group>"; };
		34219F611A3F048C0040CE38 /* BookTableViewCell.m */ = {isa = PBXFileReference; fileEncoding = 4; lastKnownFileType = sourcecode.c.objc; name = BookTableViewCell.m; path = SetBookFirst/BookTableViewCell.m; sourceTree = "<group>"; };
		34F8D44F1A2D6228000D257B /* NEXT_Library.app */ = {isa = PBXFileReference; explicitFileType = wrapper.application; includeInIndex = 0; path = NEXT_Library.app; sourceTree = BUILT_PRODUCTS_DIR; };
		34F8D4531A2D6228000D257B /* Info.plist */ = {isa = PBXFileReference; lastKnownFileType = text.plist.xml; path = Info.plist; sourceTree = "<group>"; };
		34F8D4541A2D6228000D257B /* main.m */ = {isa = PBXFileReference; lastKnownFileType = sourcecode.c.objc; path = main.m; sourceTree = "<group>"; };
		34F8D4561A2D6228000D257B /* AppDelegate.h */ = {isa = PBXFileReference; lastKnownFileType = sourcecode.c.h; path = AppDelegate.h; sourceTree = "<group>"; };
		34F8D4571A2D6228000D257B /* AppDelegate.m */ = {isa = PBXFileReference; lastKnownFileType = sourcecode.c.objc; path = AppDelegate.m; sourceTree = "<group>"; };
		34F8D4591A2D6228000D257B /* ViewController.h */ = {isa = PBXFileReference; lastKnownFileType = sourcecode.c.h; path = ViewController.h; sourceTree = "<group>"; };
		34F8D45A1A2D6228000D257B /* ViewController.m */ = {isa = PBXFileReference; lastKnownFileType = sourcecode.c.objc; path = ViewController.m; sourceTree = "<group>"; };
		34F8D45D1A2D6228000D257B /* Base */ = {isa = PBXFileReference; lastKnownFileType = file.storyboard; name = Base; path = Base.lproj/Main.storyboard; sourceTree = "<group>"; };
		34F8D45F1A2D6228000D257B /* Images.xcassets */ = {isa = PBXFileReference; lastKnownFileType = folder.assetcatalog; path = Images.xcassets; sourceTree = "<group>"; };
		34F8D4621A2D6228000D257B /* Base */ = {isa = PBXFileReference; lastKnownFileType = file.xib; name = Base; path = Base.lproj/LaunchScreen.xib; sourceTree = "<group>"; };
		34F8D4681A2D6228000D257B /* NEXT_LibraryTests.xctest */ = {isa = PBXFileReference; explicitFileType = wrapper.cfbundle; includeInIndex = 0; path = NEXT_LibraryTests.xctest; sourceTree = BUILT_PRODUCTS_DIR; };
		34F8D46D1A2D6228000D257B /* Info.plist */ = {isa = PBXFileReference; lastKnownFileType = text.plist.xml; path = Info.plist; sourceTree = "<group>"; };
		34F8D46E1A2D6228000D257B /* NEXT_LibraryTests.m */ = {isa = PBXFileReference; lastKnownFileType = sourcecode.c.objc; path = NEXT_LibraryTests.m; sourceTree = "<group>"; };
		34F8D4791A2D6313000D257B /* LoginViewController.h */ = {isa = PBXFileReference; fileEncoding = 4; lastKnownFileType = sourcecode.c.h; name = LoginViewController.h; path = Login/LoginViewController.h; sourceTree = "<group>"; };
		34F8D47A1A2D6313000D257B /* LoginViewController.m */ = {isa = PBXFileReference; fileEncoding = 4; lastKnownFileType = sourcecode.c.objc; name = LoginViewController.m; path = Login/LoginViewController.m; sourceTree = "<group>"; };
		34F8D47C1A2D6393000D257B /* RegisterEmailViewController.h */ = {isa = PBXFileReference; fileEncoding = 4; lastKnownFileType = sourcecode.c.h; name = RegisterEmailViewController.h; path = RegisterEmail/RegisterEmailViewController.h; sourceTree = "<group>"; };
		34F8D47D1A2D6393000D257B /* RegisterEmailViewController.m */ = {isa = PBXFileReference; fileEncoding = 4; lastKnownFileType = sourcecode.c.objc; name = RegisterEmailViewController.m; path = RegisterEmail/RegisterEmailViewController.m; sourceTree = "<group>"; };
		34F8D4841A2D692C000D257B /* inputBar_registerEmail.png */ = {isa = PBXFileReference; lastKnownFileType = image.png; path = inputBar_registerEmail.png; sourceTree = "<group>"; };
		34F8D4861A2D692C000D257B /* verticalBar_registerEamil.png */ = {isa = PBXFileReference; lastKnownFileType = image.png; path = verticalBar_registerEamil.png; sourceTree = "<group>"; };
		5C0631691A36CF860009D042 /* LoginModel.h */ = {isa = PBXFileReference; fileEncoding = 4; lastKnownFileType = sourcecode.c.h; name = LoginModel.h; path = Login/LoginModel.h; sourceTree = "<group>"; };
		5C06316A1A36CF860009D042 /* LoginModel.m */ = {isa = PBXFileReference; fileEncoding = 4; lastKnownFileType = sourcecode.c.objc; name = LoginModel.m; path = Login/LoginModel.m; sourceTree = "<group>"; };
		5C18DAC41A4EF0F2005DDB70 /* postingModel.m */ = {isa = PBXFileReference; fileEncoding = 4; lastKnownFileType = sourcecode.c.objc; name = postingModel.m; path = Posting/postingModel.m; sourceTree = "<group>"; };
		5C18DAC61A4EF104005DDB70 /* postingModel.h */ = {isa = PBXFileReference; fileEncoding = 4; lastKnownFileType = sourcecode.c.h; name = postingModel.h; path = Posting/postingModel.h; sourceTree = "<group>"; };
		5C2968311A35D3740029CBD0 /* TimelineTabController.h */ = {isa = PBXFileReference; fileEncoding = 4; lastKnownFileType = sourcecode.c.h; name = TimelineTabController.h; path = Timeline/TimelineTabController.h; sourceTree = "<group>"; };
		5C2968321A35D3740029CBD0 /* TimelineTabController.m */ = {isa = PBXFileReference; fileEncoding = 4; lastKnownFileType = sourcecode.c.objc; name = TimelineTabController.m; path = Timeline/TimelineTabController.m; sourceTree = "<group>"; };
		5C2C2A441A43F4F00040BCD9 /* TimelineViewController.h */ = {isa = PBXFileReference; fileEncoding = 4; lastKnownFileType = sourcecode.c.h; name = TimelineViewController.h; path = Timeline/timeline/TimelineViewController.h; sourceTree = "<group>"; };
		5C2C2A451A43F4F00040BCD9 /* TimelineViewController.m */ = {isa = PBXFileReference; fileEncoding = 4; lastKnownFileType = sourcecode.c.objc; name = TimelineViewController.m; path = Timeline/timeline/TimelineViewController.m; sourceTree = "<group>"; };
		5C2C2A481A44073E0040BCD9 /* like_icon.png */ = {isa = PBXFileReference; lastKnownFileType = image.png; name = like_icon.png; path = Timeline/timeline/imgsrc/like_icon.png; sourceTree = "<group>"; };
		5C2C2A4A1A4419110040BCD9 /* comment_icon.png */ = {isa = PBXFileReference; lastKnownFileType = image.png; name = comment_icon.png; path = Timeline/timeline/imgsrc/comment_icon.png; sourceTree = "<group>"; };
		5C2C2A4B1A4419110040BCD9 /* scrap_icon.png */ = {isa = PBXFileReference; lastKnownFileType = image.png; name = scrap_icon.png; path = Timeline/timeline/imgsrc/scrap_icon.png; sourceTree = "<group>"; };
		5C2C2A4E1A441F9C0040BCD9 /* bookcover_sample.jpeg */ = {isa = PBXFileReference; lastKnownFileType = image.jpeg; name = bookcover_sample.jpeg; path = Timeline/timeline/imgsrc/bookcover_sample.jpeg; sourceTree = "<group>"; };
		5C2C2A501A4467830040BCD9 /* book_icon.png */ = {isa = PBXFileReference; lastKnownFileType = image.png; name = book_icon.png; path = Timeline/timeline/imgsrc/book_icon.png; sourceTree = "<group>"; };
		5C2C2A521A4469380040BCD9 /* user_icon.png */ = {isa = PBXFileReference; lastKnownFileType = image.png; name = user_icon.png; path = Timeline/timeline/imgsrc/user_icon.png; sourceTree = "<group>"; };
		5C2C2A571A4494260040BCD9 /* timelineButton.h */ = {isa = PBXFileReference; fileEncoding = 4; lastKnownFileType = sourcecode.c.h; name = timelineButton.h; path = Timeline/timeline/timelineButton.h; sourceTree = "<group>"; };
		5C2C2A581A4494260040BCD9 /* timelineButton.m */ = {isa = PBXFileReference; fileEncoding = 4; lastKnownFileType = sourcecode.c.objc; name = timelineButton.m; path = Timeline/timeline/timelineButton.m; sourceTree = "<group>"; };
		5C2C2A5A1A4498A80040BCD9 /* like_active.png */ = {isa = PBXFileReference; lastKnownFileType = image.png; name = like_active.png; path = Timeline/timeline/imgsrc/like_active.png; sourceTree = "<group>"; };
		5C2C2A5B1A4498A80040BCD9 /* like_inactive.png */ = {isa = PBXFileReference; lastKnownFileType = image.png; name = like_inactive.png; path = Timeline/timeline/imgsrc/like_inactive.png; sourceTree = "<group>"; };
		5C2C2A5E1A4499080040BCD9 /* comment_active.png */ = {isa = PBXFileReference; lastKnownFileType = image.png; name = comment_active.png; path = Timeline/timeline/imgsrc/comment_active.png; sourceTree = "<group>"; };
		5C2C2A5F1A4499080040BCD9 /* comment_inactive.png */ = {isa = PBXFileReference; lastKnownFileType = image.png; name = comment_inactive.png; path = Timeline/timeline/imgsrc/comment_inactive.png; sourceTree = "<group>"; };
		5C2C2A601A4499080040BCD9 /* scrap_active.png */ = {isa = PBXFileReference; lastKnownFileType = image.png; name = scrap_active.png; path = Timeline/timeline/imgsrc/scrap_active.png; sourceTree = "<group>"; };
		5C2C2A611A4499080040BCD9 /* scrap_inactive.png */ = {isa = PBXFileReference; lastKnownFileType = image.png; name = scrap_inactive.png; path = Timeline/timeline/imgsrc/scrap_inactive.png; sourceTree = "<group>"; };
		5C2C2A661A449ED60040BCD9 /* TimelineTableViewCell.h */ = {isa = PBXFileReference; explicitFileType = sourcecode.c.objc; fileEncoding = 4; name = TimelineTableViewCell.h; path = Timeline/timeline/TimelineTableViewCell.h; sourceTree = "<group>"; };
		5C2C2A671A449ED60040BCD9 /* TimelineTableViewCell.m */ = {isa = PBXFileReference; fileEncoding = 4; lastKnownFileType = sourcecode.c.objc; name = TimelineTableViewCell.m; path = Timeline/timeline/TimelineTableViewCell.m; sourceTree = "<group>"; };
		5C2C2A691A44A13D0040BCD9 /* TimelineModel.m */ = {isa = PBXFileReference; fileEncoding = 4; lastKnownFileType = sourcecode.c.objc; name = TimelineModel.m; path = Timeline/timeline/TimelineModel.m; sourceTree = "<group>"; };
		5C2F51741A48873D009DA465 /* TimelineTableView.h */ = {isa = PBXFileReference; explicitFileType = sourcecode.c.objc; fileEncoding = 4; name = TimelineTableView.h; path = Timeline/timeline/TimelineTableView.h; sourceTree = "<group>"; };
		5C2F51751A48873D009DA465 /* TimelineTableView.m */ = {isa = PBXFileReference; explicitFileType = sourcecode.c.objc; fileEncoding = 4; name = TimelineTableView.m; path = Timeline/timeline/TimelineTableView.m; sourceTree = "<group>"; };
		5C321D881A4F2C1400DADD90 /* serachResultBookButton.h */ = {isa = PBXFileReference; explicitFileType = sourcecode.c.objc; fileEncoding = 4; name = serachResultBookButton.h; path = Posting/serachResultBookButton.h; sourceTree = "<group>"; };
		5C321D891A4F2C1400DADD90 /* serachResultBookButton.m */ = {isa = PBXFileReference; fileEncoding = 4; lastKnownFileType = sourcecode.c.objc; name = serachResultBookButton.m; path = Posting/serachResultBookButton.m; sourceTree = "<group>"; };
		5C321D8C1A50295200DADD90 /* PostingScrollView.h */ = {isa = PBXFileReference; fileEncoding = 4; lastKnownFileType = sourcecode.c.h; name = PostingScrollView.h; path = Posting/PostingScrollView.h; sourceTree = "<group>"; };
		5C321D8D1A50295200DADD90 /* PostingScrollView.m */ = {isa = PBXFileReference; fileEncoding = 4; lastKnownFileType = sourcecode.c.objc; name = PostingScrollView.m; path = Posting/PostingScrollView.m; sourceTree = "<group>"; };
		5C6E3F401A2DA8C500E50A7E /* logo.png */ = {isa = PBXFileReference; lastKnownFileType = image.png; name = logo.png; path = Login/imgSource/logo.png; sourceTree = "<group>"; };
		5C6E3F411A2DA8C500E50A7E /* underline.png */ = {isa = PBXFileReference; lastKnownFileType = image.png; name = underline.png; path = Login/imgSource/underline.png; sourceTree = "<group>"; };
		5C79CBAD1A5103180037E70A /* icon-60@2X.png */ = {isa = PBXFileReference; lastKnownFileType = image.png; name = "icon-60@2X.png"; path = "appIcons/icon-60@2X.png"; sourceTree = "<group>"; };
		5C79CBB01A511C1F0037E70A /* SettingViewController.h */ = {isa = PBXFileReference; fileEncoding = 4; lastKnownFileType = sourcecode.c.h; name = SettingViewController.h; path = Setting/SettingViewController.h; sourceTree = "<group>"; };
		5C79CBB11A511C1F0037E70A /* SettingViewController.m */ = {isa = PBXFileReference; fileEncoding = 4; lastKnownFileType = sourcecode.c.objc; name = SettingViewController.m; path = Setting/SettingViewController.m; sourceTree = "<group>"; };
		5C79CBB41A512F230037E70A /* read.png */ = {isa = PBXFileReference; lastKnownFileType = image.png; name = read.png; path = Setting/iconSrc/read.png; sourceTree = "<group>"; };
		5C79CBB51A512F230037E70A /* wish.png */ = {isa = PBXFileReference; lastKnownFileType = image.png; name = wish.png; path = Setting/iconSrc/wish.png; sourceTree = "<group>"; };
		5C79CBB81A5130EA0037E70A /* profile_icon.png */ = {isa = PBXFileReference; lastKnownFileType = image.png; name = profile_icon.png; path = Setting/iconSrc/profile_icon.png; sourceTree = "<group>"; };
		5C79CBBA1A5131440037E70A /* SettingModifyNameViewController.h */ = {isa = PBXFileReference; fileEncoding = 4; lastKnownFileType = sourcecode.c.h; name = SettingModifyNameViewController.h; path = Setting/SettingModifyNameViewController.h; sourceTree = "<group>"; };
		5C79CBBB1A5131440037E70A /* SettingModifyNameViewController.m */ = {isa = PBXFileReference; fileEncoding = 4; lastKnownFileType = sourcecode.c.objc; name = SettingModifyNameViewController.m; path = Setting/SettingModifyNameViewController.m; sourceTree = "<group>"; };
		5C79CBBD1A5132860037E70A /* SettingModifyPasswordViewController.h */ = {isa = PBXFileReference; fileEncoding = 4; lastKnownFileType = sourcecode.c.h; name = SettingModifyPasswordViewController.h; path = Setting/SettingModifyPasswordViewController.h; sourceTree = "<group>"; };
		5C79CBBE1A5132860037E70A /* SettingModifyPasswordViewController.m */ = {isa = PBXFileReference; fileEncoding = 4; lastKnownFileType = sourcecode.c.objc; name = SettingModifyPasswordViewController.m; path = Setting/SettingModifyPasswordViewController.m; sourceTree = "<group>"; };
		5C79CBC01A513C040037E70A /* SettingModel.m */ = {isa = PBXFileReference; fileEncoding = 4; lastKnownFileType = sourcecode.c.objc; name = SettingModel.m; path = Setting/SettingModel.m; sourceTree = "<group>"; };
		5C79CBC21A513C110037E70A /* SettingModel.h */ = {isa = PBXFileReference; fileEncoding = 4; lastKnownFileType = sourcecode.c.h; name = SettingModel.h; path = Setting/SettingModel.h; sourceTree = "<group>"; };
		5C7E49BA1A470B3B000E53EE /* TimelineModel.h */ = {isa = PBXFileReference; explicitFileType = sourcecode.c.objc; name = TimelineModel.h; path = Timeline/timeline/TimelineModel.h; sourceTree = "<group>"; };
		5C7E49BC1A470E8F000E53EE /* newpost_icon.png */ = {isa = PBXFileReference; lastKnownFileType = image.png; name = newpost_icon.png; path = Timeline/timeline/imgsrc/newpost_icon.png; sourceTree = "<group>"; };
		5C7E49BE1A470F72000E53EE /* timelineTabButton.h */ = {isa = PBXFileReference; fileEncoding = 4; lastKnownFileType = sourcecode.c.h; name = timelineTabButton.h; path = Timeline/timeline/timelineTabButton.h; sourceTree = "<group>"; };
		5C7E49BF1A470F72000E53EE /* timelineTabButton.m */ = {isa = PBXFileReference; fileEncoding = 4; lastKnownFileType = sourcecode.c.objc; name = timelineTabButton.m; path = Timeline/timeline/timelineTabButton.m; sourceTree = "<group>"; };
		5C8D13001A38560000628527 /* MainTabViewController.h */ = {isa = PBXFileReference; fileEncoding = 4; lastKnownFileType = sourcecode.c.h; name = MainTabViewController.h; path = MainTab/MainTabViewController.h; sourceTree = "<group>"; };
		5C8D13011A38560000628527 /* MainTabViewController.m */ = {isa = PBXFileReference; fileEncoding = 4; lastKnownFileType = sourcecode.c.objc; name = MainTabViewController.m; path = MainTab/MainTabViewController.m; sourceTree = "<group>"; };
		5C8E43E41A401D6400A5AA38 /* SetBookFirstTableViewController.h */ = {isa = PBXFileReference; fileEncoding = 4; lastKnownFileType = sourcecode.c.h; name = SetBookFirstTableViewController.h; path = SetBookFirst/SetBookFirstTableViewController.h; sourceTree = "<group>"; };
		5C8E43E51A401D6400A5AA38 /* SetBookFirstTableViewController.m */ = {isa = PBXFileReference; fileEncoding = 4; lastKnownFileType = sourcecode.c.objc; name = SetBookFirstTableViewController.m; path = SetBookFirst/SetBookFirstTableViewController.m; sourceTree = "<group>"; };
		5C8E43E71A401D8900A5AA38 /* NXBookDataModel.h */ = {isa = PBXFileReference; fileEncoding = 4; lastKnownFileType = sourcecode.c.h; name = NXBookDataModel.h; path = SetBookFirst/NXBookDataModel.h; sourceTree = "<group>"; };
		5C8E43E81A401D8900A5AA38 /* NXBookDataModel.m */ = {isa = PBXFileReference; fileEncoding = 4; lastKnownFileType = sourcecode.c.objc; name = NXBookDataModel.m; path = SetBookFirst/NXBookDataModel.m; sourceTree = "<group>"; };
		5C8E43EB1A401E1300A5AA38 /* InitProfileViewController.h */ = {isa = PBXFileReference; fileEncoding = 4; lastKnownFileType = sourcecode.c.h; name = InitProfileViewController.h; path = InitProfile/InitProfileViewController.h; sourceTree = "<group>"; };
		5C8E43EC1A401E1300A5AA38 /* InitProfileViewController.m */ = {isa = PBXFileReference; fileEncoding = 4; lastKnownFileType = sourcecode.c.objc; name = InitProfileViewController.m; path = InitProfile/InitProfileViewController.m; sourceTree = "<group>"; };
		5C8E43F01A40244800A5AA38 /* publicSetting.m */ = {isa = PBXFileReference; fileEncoding = 4; lastKnownFileType = sourcecode.c.objc; name = publicSetting.m; path = PublicSetting/publicSetting.m; sourceTree = "<group>"; };
		5C8E43F21A40245C00A5AA38 /* publicSetting.h */ = {isa = PBXFileReference; explicitFileType = sourcecode.c.objc; fileEncoding = 4; path = publicSetting.h; sourceTree = "<group>"; };
		5C9F52A01A4E6A88008BCB36 /* pics.png */ = {isa = PBXFileReference; lastKnownFileType = image.png; name = pics.png; path = Posting/iconSrc/pics.png; sourceTree = "<group>"; };
		5C9F52A11A4E6A88008BCB36 /* quote.png */ = {isa = PBXFileReference; lastKnownFileType = image.png; name = quote.png; path = Posting/iconSrc/quote.png; sourceTree = "<group>"; };
		5CAF802C1A2F927900B114F9 /* frame-000000.png */ = {isa = PBXFileReference; lastKnownFileType = image.png; path = "frame-000000.png"; sourceTree = "<group>"; };
		5CAF802D1A2F927900B114F9 /* frame-000001.png */ = {isa = PBXFileReference; lastKnownFileType = image.png; path = "frame-000001.png"; sourceTree = "<group>"; };
		5CAF802E1A2F927900B114F9 /* frame-000002.png */ = {isa = PBXFileReference; lastKnownFileType = image.png; path = "frame-000002.png"; sourceTree = "<group>"; };
		5CAF802F1A2F927900B114F9 /* frame-000003.png */ = {isa = PBXFileReference; lastKnownFileType = image.png; path = "frame-000003.png"; sourceTree = "<group>"; };
		5CAF80301A2F927900B114F9 /* frame-000004.png */ = {isa = PBXFileReference; lastKnownFileType = image.png; path = "frame-000004.png"; sourceTree = "<group>"; };
		5CAF80311A2F927900B114F9 /* frame-000005.png */ = {isa = PBXFileReference; lastKnownFileType = image.png; path = "frame-000005.png"; sourceTree = "<group>"; };
		5CAF80321A2F927900B114F9 /* frame-000006.png */ = {isa = PBXFileReference; lastKnownFileType = image.png; path = "frame-000006.png"; sourceTree = "<group>"; };
		5CAF80331A2F927900B114F9 /* frame-000007.png */ = {isa = PBXFileReference; lastKnownFileType = image.png; path = "frame-000007.png"; sourceTree = "<group>"; };
		5CAF80341A2F927900B114F9 /* frame-000008.png */ = {isa = PBXFileReference; lastKnownFileType = image.png; path = "frame-000008.png"; sourceTree = "<group>"; };
		5CAF80351A2F927900B114F9 /* frame-000009.png */ = {isa = PBXFileReference; lastKnownFileType = image.png; path = "frame-000009.png"; sourceTree = "<group>"; };
		5CAF80361A2F927900B114F9 /* frame-000010.png */ = {isa = PBXFileReference; lastKnownFileType = image.png; path = "frame-000010.png"; sourceTree = "<group>"; };
		5CAF80371A2F927900B114F9 /* frame-000011.png */ = {isa = PBXFileReference; lastKnownFileType = image.png; path = "frame-000011.png"; sourceTree = "<group>"; };
		5CAF80381A2F927900B114F9 /* frame-000012.png */ = {isa = PBXFileReference; lastKnownFileType = image.png; path = "frame-000012.png"; sourceTree = "<group>"; };
		5CAF80391A2F927900B114F9 /* frame-000013.png */ = {isa = PBXFileReference; lastKnownFileType = image.png; path = "frame-000013.png"; sourceTree = "<group>"; };
		5CAF803A1A2F927900B114F9 /* frame-000014.png */ = {isa = PBXFileReference; lastKnownFileType = image.png; path = "frame-000014.png"; sourceTree = "<group>"; };
		5CAF803B1A2F927900B114F9 /* frame-000015.png */ = {isa = PBXFileReference; lastKnownFileType = image.png; path = "frame-000015.png"; sourceTree = "<group>"; };
		5CAF803C1A2F927900B114F9 /* frame-000016.png */ = {isa = PBXFileReference; lastKnownFileType = image.png; path = "frame-000016.png"; sourceTree = "<group>"; };
		5CAF803D1A2F927900B114F9 /* frame-000017.png */ = {isa = PBXFileReference; lastKnownFileType = image.png; path = "frame-000017.png"; sourceTree = "<group>"; };
		5CAF803E1A2F927900B114F9 /* frame-000018.png */ = {isa = PBXFileReference; lastKnownFileType = image.png; path = "frame-000018.png"; sourceTree = "<group>"; };
		5CAF803F1A2F927900B114F9 /* frame-000019.png */ = {isa = PBXFileReference; lastKnownFileType = image.png; path = "frame-000019.png"; sourceTree = "<group>"; };
		5CAF80401A2F927900B114F9 /* frame-000020.png */ = {isa = PBXFileReference; lastKnownFileType = image.png; path = "frame-000020.png"; sourceTree = "<group>"; };
		5CAF80411A2F927900B114F9 /* frame-000021.png */ = {isa = PBXFileReference; lastKnownFileType = image.png; path = "frame-000021.png"; sourceTree = "<group>"; };
		5CAF80421A2F927900B114F9 /* frame-000022.png */ = {isa = PBXFileReference; lastKnownFileType = image.png; path = "frame-000022.png"; sourceTree = "<group>"; };
		5CAF80431A2F927900B114F9 /* frame-000023.png */ = {isa = PBXFileReference; lastKnownFileType = image.png; path = "frame-000023.png"; sourceTree = "<group>"; };
		5CAF80441A2F927900B114F9 /* frame-000024.png */ = {isa = PBXFileReference; lastKnownFileType = image.png; path = "frame-000024.png"; sourceTree = "<group>"; };
		5CAF80451A2F927900B114F9 /* frame-000025.png */ = {isa = PBXFileReference; lastKnownFileType = image.png; path = "frame-000025.png"; sourceTree = "<group>"; };
		5CAF80461A2F927900B114F9 /* frame-000026.png */ = {isa = PBXFileReference; lastKnownFileType = image.png; path = "frame-000026.png"; sourceTree = "<group>"; };
		5CAF80471A2F927900B114F9 /* frame-000027.png */ = {isa = PBXFileReference; lastKnownFileType = image.png; path = "frame-000027.png"; sourceTree = "<group>"; };
		5CAF80481A2F927900B114F9 /* frame-000028.png */ = {isa = PBXFileReference; lastKnownFileType = image.png; path = "frame-000028.png"; sourceTree = "<group>"; };
		5CAF80491A2F927900B114F9 /* frame-000029.png */ = {isa = PBXFileReference; lastKnownFileType = image.png; path = "frame-000029.png"; sourceTree = "<group>"; };
		5CAF804A1A2F927900B114F9 /* frame-000030.png */ = {isa = PBXFileReference; lastKnownFileType = image.png; path = "frame-000030.png"; sourceTree = "<group>"; };
		5CAF804B1A2F927900B114F9 /* frame-000031.png */ = {isa = PBXFileReference; lastKnownFileType = image.png; path = "frame-000031.png"; sourceTree = "<group>"; };
		5CAF804C1A2F927900B114F9 /* frame-000032.png */ = {isa = PBXFileReference; lastKnownFileType = image.png; path = "frame-000032.png"; sourceTree = "<group>"; };
		5CAF804D1A2F927900B114F9 /* frame-000033.png */ = {isa = PBXFileReference; lastKnownFileType = image.png; path = "frame-000033.png"; sourceTree = "<group>"; };
		5CAF804E1A2F927900B114F9 /* frame-000034.png */ = {isa = PBXFileReference; lastKnownFileType = image.png; path = "frame-000034.png"; sourceTree = "<group>"; };
		5CAF804F1A2F927900B114F9 /* frame-000035.png */ = {isa = PBXFileReference; lastKnownFileType = image.png; path = "frame-000035.png"; sourceTree = "<group>"; };
		5CAF80501A2F927900B114F9 /* frame-000036.png */ = {isa = PBXFileReference; lastKnownFileType = image.png; path = "frame-000036.png"; sourceTree = "<group>"; };
		5CAF80511A2F927900B114F9 /* frame-000037.png */ = {isa = PBXFileReference; lastKnownFileType = image.png; path = "frame-000037.png"; sourceTree = "<group>"; };
		5CAF80521A2F927900B114F9 /* frame-000038.png */ = {isa = PBXFileReference; lastKnownFileType = image.png; path = "frame-000038.png"; sourceTree = "<group>"; };
		5CAF80531A2F927900B114F9 /* frame-000039.png */ = {isa = PBXFileReference; lastKnownFileType = image.png; path = "frame-000039.png"; sourceTree = "<group>"; };
		5CAF80541A2F927900B114F9 /* frame-000040.png */ = {isa = PBXFileReference; lastKnownFileType = image.png; path = "frame-000040.png"; sourceTree = "<group>"; };
		5CAF80551A2F927900B114F9 /* frame-000041.png */ = {isa = PBXFileReference; lastKnownFileType = image.png; path = "frame-000041.png"; sourceTree = "<group>"; };
		5CAF80561A2F927900B114F9 /* frame-000042.png */ = {isa = PBXFileReference; lastKnownFileType = image.png; path = "frame-000042.png"; sourceTree = "<group>"; };
		5CAF80571A2F927900B114F9 /* frame-000043.png */ = {isa = PBXFileReference; lastKnownFileType = image.png; path = "frame-000043.png"; sourceTree = "<group>"; };
		5CAF80581A2F927900B114F9 /* frame-000044.png */ = {isa = PBXFileReference; lastKnownFileType = image.png; path = "frame-000044.png"; sourceTree = "<group>"; };
		5CAF80591A2F927900B114F9 /* frame-000045.png */ = {isa = PBXFileReference; lastKnownFileType = image.png; path = "frame-000045.png"; sourceTree = "<group>"; };
		5CAF805A1A2F927900B114F9 /* frame-000046.png */ = {isa = PBXFileReference; lastKnownFileType = image.png; path = "frame-000046.png"; sourceTree = "<group>"; };
		5CAF805B1A2F927900B114F9 /* frame-000047.png */ = {isa = PBXFileReference; lastKnownFileType = image.png; path = "frame-000047.png"; sourceTree = "<group>"; };
		5CAF805C1A2F927A00B114F9 /* frame-000048.png */ = {isa = PBXFileReference; lastKnownFileType = image.png; path = "frame-000048.png"; sourceTree = "<group>"; };
		5CAF805D1A2F927A00B114F9 /* frame-000049.png */ = {isa = PBXFileReference; lastKnownFileType = image.png; path = "frame-000049.png"; sourceTree = "<group>"; };
		5CB742C81A2DAE2A006EA127 /* logo.png */ = {isa = PBXFileReference; lastKnownFileType = image.png; name = logo.png; path = Login/imgSource/logo.png; sourceTree = "<group>"; };
		5CDF811E1A403D1400E79AD9 /* nav.png */ = {isa = PBXFileReference; lastKnownFileType = image.png; name = nav.png; path = NEXT_Library/FirstNavigationViewController/nav.png; sourceTree = "<group>"; };
		5CDF81201A40440700E79AD9 /* navShadow.png */ = {isa = PBXFileReference; lastKnownFileType = image.png; name = navShadow.png; path = NEXT_Library/FirstNavigationViewController/navShadow.png; sourceTree = "<group>"; };
		5CDF812A1A40484F00E79AD9 /* SearchNavController.h */ = {isa = PBXFileReference; fileEncoding = 4; lastKnownFileType = sourcecode.c.h; name = SearchNavController.h; path = Search/SearchNavController.h; sourceTree = "<group>"; };
		5CDF812B1A40484F00E79AD9 /* SearchNavController.m */ = {isa = PBXFileReference; fileEncoding = 4; lastKnownFileType = sourcecode.c.objc; name = SearchNavController.m; path = Search/SearchNavController.m; sourceTree = "<group>"; };
		5CDF812D1A4048FA00E79AD9 /* SearchTableViewController.h */ = {isa = PBXFileReference; fileEncoding = 4; lastKnownFileType = sourcecode.c.h; name = SearchTableViewController.h; path = Search/SearchTableViewController.h; sourceTree = "<group>"; };
		5CDF812E1A4048FA00E79AD9 /* SearchTableViewController.m */ = {isa = PBXFileReference; fileEncoding = 4; lastKnownFileType = sourcecode.c.objc; name = SearchTableViewController.m; path = Search/SearchTableViewController.m; sourceTree = "<group>"; };
		5CDF81441A404C8700E79AD9 /* TimelineTableViewController_mypost.h */ = {isa = PBXFileReference; fileEncoding = 4; lastKnownFileType = sourcecode.c.h; name = TimelineTableViewController_mypost.h; path = Timeline/mypost/TimelineTableViewController_mypost.h; sourceTree = "<group>"; };
		5CDF81451A404C8700E79AD9 /* TimelineTableViewController_mypost.m */ = {isa = PBXFileReference; fileEncoding = 4; lastKnownFileType = sourcecode.c.objc; name = TimelineTableViewController_mypost.m; path = Timeline/mypost/TimelineTableViewController_mypost.m; sourceTree = "<group>"; };
		5CDF814A1A404DBF00E79AD9 /* PostingViewController.h */ = {isa = PBXFileReference; fileEncoding = 4; lastKnownFileType = sourcecode.c.h; name = PostingViewController.h; path = Posting/PostingViewController.h; sourceTree = "<group>"; };
		5CDF814B1A404DBF00E79AD9 /* PostingViewController.m */ = {isa = PBXFileReference; fileEncoding = 4; lastKnownFileType = sourcecode.c.objc; name = PostingViewController.m; path = Posting/PostingViewController.m; sourceTree = "<group>"; };
		5CDF814E1A404E2500E79AD9 /* YourLibraryTableViewController.h */ = {isa = PBXFileReference; fileEncoding = 4; lastKnownFileType = sourcecode.c.h; name = YourLibraryTableViewController.h; path = YourLibrary/YourLibraryTableViewController.h; sourceTree = "<group>"; };
		5CDF814F1A404E2500E79AD9 /* YourLibraryTableViewController.m */ = {isa = PBXFileReference; fileEncoding = 4; lastKnownFileType = sourcecode.c.objc; name = YourLibraryTableViewController.m; path = YourLibrary/YourLibraryTableViewController.m; sourceTree = "<group>"; };
		5CDF81521A404E7300E79AD9 /* PostDetailTableViewController.h */ = {isa = PBXFileReference; fileEncoding = 4; lastKnownFileType = sourcecode.c.h; name = PostDetailTableViewController.h; path = PostDetail/PostDetailTableViewController.h; sourceTree = "<group>"; };
		5CDF81531A404E7300E79AD9 /* PostDetailTableViewController.m */ = {isa = PBXFileReference; fileEncoding = 4; lastKnownFileType = sourcecode.c.objc; name = PostDetailTableViewController.m; path = PostDetail/PostDetailTableViewController.m; sourceTree = "<group>"; };
		5CDF81561A404EE800E79AD9 /* BookDetailViewController.h */ = {isa = PBXFileReference; fileEncoding = 4; lastKnownFileType = sourcecode.c.h; name = BookDetailViewController.h; path = BookDetail/BookDetailViewController.h; sourceTree = "<group>"; };
		5CDF81571A404EE800E79AD9 /* BookDetailViewController.m */ = {isa = PBXFileReference; fileEncoding = 4; lastKnownFileType = sourcecode.c.objc; name = BookDetailViewController.m; path = BookDetail/BookDetailViewController.m; sourceTree = "<group>"; };
		5CDF815A1A40734300E79AD9 /* LoadScene.m */ = {isa = PBXFileReference; fileEncoding = 4; lastKnownFileType = sourcecode.c.objc; name = LoadScene.m; path = PublicSetting/LoadScene.m; sourceTree = "<group>"; };
		5CDF815C1A40735A00E79AD9 /* LoadScene.h */ = {isa = PBXFileReference; explicitFileType = sourcecode.c.objc; fileEncoding = 4; path = LoadScene.h; sourceTree = "<group>"; };
		5CDF815E1A4079CE00E79AD9 /* myLibrary_icon.png */ = {isa = PBXFileReference; lastKnownFileType = image.png; name = myLibrary_icon.png; path = MainTab/iconSource/myLibrary_icon.png; sourceTree = "<group>"; };
		5CDF815F1A4079CE00E79AD9 /* recommand_icon.png */ = {isa = PBXFileReference; lastKnownFileType = image.png; name = recommand_icon.png; path = MainTab/iconSource/recommand_icon.png; sourceTree = "<group>"; };
		5CDF81601A4079CE00E79AD9 /* search_icon.png */ = {isa = PBXFileReference; lastKnownFileType = image.png; name = search_icon.png; path = MainTab/iconSource/search_icon.png; sourceTree = "<group>"; };
		5CDF81611A4079CE00E79AD9 /* timeline_icon.png */ = {isa = PBXFileReference; lastKnownFileType = image.png; name = timeline_icon.png; path = MainTab/iconSource/timeline_icon.png; sourceTree = "<group>"; };
		5CDF81661A407C5500E79AD9 /* myLibrary_icon_select.png */ = {isa = PBXFileReference; lastKnownFileType = image.png; name = myLibrary_icon_select.png; path = MainTab/iconSource/myLibrary_icon_select.png; sourceTree = "<group>"; };
		5CDF81671A407C5500E79AD9 /* recommand_icon_select.png */ = {isa = PBXFileReference; lastKnownFileType = image.png; name = recommand_icon_select.png; path = MainTab/iconSource/recommand_icon_select.png; sourceTree = "<group>"; };
		5CDF81681A407C5500E79AD9 /* search_icon_select.png */ = {isa = PBXFileReference; lastKnownFileType = image.png; name = search_icon_select.png; path = MainTab/iconSource/search_icon_select.png; sourceTree = "<group>"; };
		5CDF81691A407C5500E79AD9 /* timeline_icon_select.png */ = {isa = PBXFileReference; lastKnownFileType = image.png; name = timeline_icon_select.png; path = MainTab/iconSource/timeline_icon_select.png; sourceTree = "<group>"; };
		5CEF8F171A4EAE0E00818075 /* postingBookSearch.h */ = {isa = PBXFileReference; fileEncoding = 4; lastKnownFileType = sourcecode.c.h; name = postingBookSearch.h; path = Posting/postingBookSearch.h; sourceTree = "<group>"; };
		5CEF8F181A4EAE0E00818075 /* postingBookSearch.m */ = {isa = PBXFileReference; fileEncoding = 4; lastKnownFileType = sourcecode.c.objc; name = postingBookSearch.m; path = Posting/postingBookSearch.m; sourceTree = "<group>"; };
/* End PBXFileReference section */

/* Begin PBXFrameworksBuildPhase section */
		34F8D44C1A2D6228000D257B /* Frameworks */ = {
			isa = PBXFrameworksBuildPhase;
			buildActionMask = 2147483647;
			files = (
			);
			runOnlyForDeploymentPostprocessing = 0;
		};
		34F8D4651A2D6228000D257B /* Frameworks */ = {
			isa = PBXFrameworksBuildPhase;
			buildActionMask = 2147483647;
			files = (
			);
			runOnlyForDeploymentPostprocessing = 0;
		};
/* End PBXFrameworksBuildPhase section */

/* Begin PBXGroup section */
		34219F641A3F04A30040CE38 /* SetBookFirst */ = {
			isa = PBXGroup;
			children = (
				5C8E43E71A401D8900A5AA38 /* NXBookDataModel.h */,
				5C8E43E81A401D8900A5AA38 /* NXBookDataModel.m */,
				5C8E43E41A401D6400A5AA38 /* SetBookFirstTableViewController.h */,
				5C8E43E51A401D6400A5AA38 /* SetBookFirstTableViewController.m */,
				34219F601A3F048C0040CE38 /* BookTableViewCell.h */,
				34219F611A3F048C0040CE38 /* BookTableViewCell.m */,
			);
			name = SetBookFirst;
			sourceTree = "<group>";
		};
		34F8D4461A2D6228000D257B = {
			isa = PBXGroup;
			children = (
				34F8D4511A2D6228000D257B /* NEXT_Library */,
				34F8D46B1A2D6228000D257B /* NEXT_LibraryTests */,
				34F8D4501A2D6228000D257B /* Products */,
			);
			sourceTree = "<group>";
		};
		34F8D4501A2D6228000D257B /* Products */ = {
			isa = PBXGroup;
			children = (
				34F8D44F1A2D6228000D257B /* NEXT_Library.app */,
				34F8D4681A2D6228000D257B /* NEXT_LibraryTests.xctest */,
			);
			name = Products;
			sourceTree = "<group>";
		};
		34F8D4511A2D6228000D257B /* NEXT_Library */ = {
			isa = PBXGroup;
			children = (
				5C79CBAF1A511C040037E70A /* Setting */,
				5C79CBAC1A51030D0037E70A /* appIcon */,
				5CDF81551A404E9D00E79AD9 /* BookDetail */,
				5CDF81511A404E5900E79AD9 /* PostDetail */,
				5CDF814D1A404DFB00E79AD9 /* YourLibrary */,
				5CDF81291A40482E00E79AD9 /* Search */,
				5CDF81221A40462800E79AD9 /* MyLibrary */,
				5CDF811A1A403CD800E79AD9 /* FirstNavigation */,
				5C8E43EF1A40241D00A5AA38 /* PublicSetting */,
				5C8E43EE1A401F5B00A5AA38 /* Posting */,
				5C8E43EA1A401DEF00A5AA38 /* InitProfile */,
				34219F641A3F04A30040CE38 /* SetBookFirst */,
				34F8D47F1A2D639F000D257B /* RegisterEmail */,
				34F8D4781A2D62D5000D257B /* Login */,
				5C8D12FF1A3855B300628527 /* MainTab */,
				5C2968301A35D3420029CBD0 /* Timeline */,
				34F8D48A1A2D692F000D257B /* imgSorce */,
				34F8D45F1A2D6228000D257B /* Images.xcassets */,
				34F8D4571A2D6228000D257B /* AppDelegate.m */,
				34F8D4561A2D6228000D257B /* AppDelegate.h */,
				34F8D45A1A2D6228000D257B /* ViewController.m */,
				34F8D4591A2D6228000D257B /* ViewController.h */,
				34F8D4611A2D6228000D257B /* LaunchScreen.xib */,
				34F8D45C1A2D6228000D257B /* Main.storyboard */,
				34F8D4521A2D6228000D257B /* Supporting Files */,
			);
			path = NEXT_Library;
			sourceTree = "<group>";
		};
		34F8D4521A2D6228000D257B /* Supporting Files */ = {
			isa = PBXGroup;
			children = (
				34F8D4531A2D6228000D257B /* Info.plist */,
				34F8D4541A2D6228000D257B /* main.m */,
			);
			name = "Supporting Files";
			sourceTree = "<group>";
		};
		34F8D46B1A2D6228000D257B /* NEXT_LibraryTests */ = {
			isa = PBXGroup;
			children = (
				34F8D46E1A2D6228000D257B /* NEXT_LibraryTests.m */,
				34F8D46C1A2D6228000D257B /* Supporting Files */,
			);
			path = NEXT_LibraryTests;
			sourceTree = "<group>";
		};
		34F8D46C1A2D6228000D257B /* Supporting Files */ = {
			isa = PBXGroup;
			children = (
				34F8D46D1A2D6228000D257B /* Info.plist */,
			);
			name = "Supporting Files";
			sourceTree = "<group>";
		};
		34F8D4781A2D62D5000D257B /* Login */ = {
			isa = PBXGroup;
			children = (
				5CAF802B1A2F927900B114F9 /* loading */,
				5C6E3F401A2DA8C500E50A7E /* logo.png */,
				5C6E3F411A2DA8C500E50A7E /* underline.png */,
				34F8D4791A2D6313000D257B /* LoginViewController.h */,
				34F8D47A1A2D6313000D257B /* LoginViewController.m */,
				5C0631691A36CF860009D042 /* LoginModel.h */,
				5C06316A1A36CF860009D042 /* LoginModel.m */,
			);
			name = Login;
			sourceTree = "<group>";
		};
		34F8D47F1A2D639F000D257B /* RegisterEmail */ = {
			isa = PBXGroup;
			children = (
				34F8D47D1A2D6393000D257B /* RegisterEmailViewController.m */,
				34F8D47C1A2D6393000D257B /* RegisterEmailViewController.h */,
			);
			name = RegisterEmail;
			sourceTree = "<group>";
		};
		34F8D48A1A2D692F000D257B /* imgSorce */ = {
			isa = PBXGroup;
			children = (
				5CB742C81A2DAE2A006EA127 /* logo.png */,
				34F8D4861A2D692C000D257B /* verticalBar_registerEamil.png */,
				34F8D4841A2D692C000D257B /* inputBar_registerEmail.png */,
			);
			name = imgSorce;
			sourceTree = "<group>";
		};
		5C2968301A35D3420029CBD0 /* Timeline */ = {
			isa = PBXGroup;
			children = (
				5CDF81431A404C5500E79AD9 /* mypost */,
				5CDF813F1A404C1B00E79AD9 /* timeline */,
				5C2968311A35D3740029CBD0 /* TimelineTabController.h */,
				5C2968321A35D3740029CBD0 /* TimelineTabController.m */,
			);
			name = Timeline;
			sourceTree = "<group>";
		};
		5C2C2A471A44071C0040BCD9 /* imgsrc */ = {
			isa = PBXGroup;
			children = (
				5C7E49BC1A470E8F000E53EE /* newpost_icon.png */,
				5C2C2A5E1A4499080040BCD9 /* comment_active.png */,
				5C2C2A5F1A4499080040BCD9 /* comment_inactive.png */,
				5C2C2A601A4499080040BCD9 /* scrap_active.png */,
				5C2C2A611A4499080040BCD9 /* scrap_inactive.png */,
				5C2C2A5A1A4498A80040BCD9 /* like_active.png */,
				5C2C2A5B1A4498A80040BCD9 /* like_inactive.png */,
				5C2C2A521A4469380040BCD9 /* user_icon.png */,
				5C2C2A501A4467830040BCD9 /* book_icon.png */,
				5C2C2A4E1A441F9C0040BCD9 /* bookcover_sample.jpeg */,
				5C2C2A4A1A4419110040BCD9 /* comment_icon.png */,
				5C2C2A4B1A4419110040BCD9 /* scrap_icon.png */,
				5C2C2A481A44073E0040BCD9 /* like_icon.png */,
			);
			name = imgsrc;
			sourceTree = "<group>";
		};
		5C79CBAC1A51030D0037E70A /* appIcon */ = {
			isa = PBXGroup;
			children = (
				5C79CBAD1A5103180037E70A /* icon-60@2X.png */,
			);
			name = appIcon;
			sourceTree = "<group>";
		};
		5C79CBAF1A511C040037E70A /* Setting */ = {
			isa = PBXGroup;
			children = (
				5C79CBB31A512E7F0037E70A /* iconSrc */,
				5C79CBB01A511C1F0037E70A /* SettingViewController.h */,
				5C79CBB11A511C1F0037E70A /* SettingViewController.m */,
				5C79CBBA1A5131440037E70A /* SettingModifyNameViewController.h */,
				5C79CBBB1A5131440037E70A /* SettingModifyNameViewController.m */,
				5C79CBBD1A5132860037E70A /* SettingModifyPasswordViewController.h */,
				5C79CBBE1A5132860037E70A /* SettingModifyPasswordViewController.m */,
				5C79CBC01A513C040037E70A /* SettingModel.m */,
				5C79CBC21A513C110037E70A /* SettingModel.h */,
			);
			name = Setting;
			sourceTree = "<group>";
		};
		5C79CBB31A512E7F0037E70A /* iconSrc */ = {
			isa = PBXGroup;
			children = (
				5C79CBB81A5130EA0037E70A /* profile_icon.png */,
				5C79CBB41A512F230037E70A /* read.png */,
				5C79CBB51A512F230037E70A /* wish.png */,
			);
			name = iconSrc;
			sourceTree = "<group>";
		};
		5C8D12FF1A3855B300628527 /* MainTab */ = {
			isa = PBXGroup;
			children = (
				5CDF81591A404F2000E79AD9 /* iconSource */,
				5C8D13001A38560000628527 /* MainTabViewController.h */,
				5C8D13011A38560000628527 /* MainTabViewController.m */,
			);
			name = MainTab;
			sourceTree = "<group>";
		};
		5C8E43EA1A401DEF00A5AA38 /* InitProfile */ = {
			isa = PBXGroup;
			children = (
				5C8E43EB1A401E1300A5AA38 /* InitProfileViewController.h */,
				5C8E43EC1A401E1300A5AA38 /* InitProfileViewController.m */,
			);
			name = InitProfile;
			sourceTree = "<group>";
		};
		5C8E43EE1A401F5B00A5AA38 /* Posting */ = {
			isa = PBXGroup;
			children = (
				5C9F529F1A4E6A74008BCB36 /* iconSrc */,
				5CDF814A1A404DBF00E79AD9 /* PostingViewController.h */,
				5CDF814B1A404DBF00E79AD9 /* PostingViewController.m */,
				5CEF8F171A4EAE0E00818075 /* postingBookSearch.h */,
				5CEF8F181A4EAE0E00818075 /* postingBookSearch.m */,
				5C18DAC41A4EF0F2005DDB70 /* postingModel.m */,
				5C18DAC61A4EF104005DDB70 /* postingModel.h */,
				5C321D881A4F2C1400DADD90 /* serachResultBookButton.h */,
				5C321D891A4F2C1400DADD90 /* serachResultBookButton.m */,
				5C321D8C1A50295200DADD90 /* PostingScrollView.h */,
				5C321D8D1A50295200DADD90 /* PostingScrollView.m */,
			);
			name = Posting;
			sourceTree = "<group>";
		};
		5C8E43EF1A40241D00A5AA38 /* PublicSetting */ = {
			isa = PBXGroup;
			children = (
				5C8E43F01A40244800A5AA38 /* publicSetting.m */,
				5C8E43F21A40245C00A5AA38 /* publicSetting.h */,
				5CDF815A1A40734300E79AD9 /* LoadScene.m */,
				5CDF815C1A40735A00E79AD9 /* LoadScene.h */,
			);
			name = PublicSetting;
			sourceTree = "<group>";
		};
		5C9F529F1A4E6A74008BCB36 /* iconSrc */ = {
			isa = PBXGroup;
			children = (
				5C9F52A01A4E6A88008BCB36 /* pics.png */,
				5C9F52A11A4E6A88008BCB36 /* quote.png */,
			);
			name = iconSrc;
			sourceTree = "<group>";
		};
		5CAF802B1A2F927900B114F9 /* loading */ = {
			isa = PBXGroup;
			children = (
				5CAF802C1A2F927900B114F9 /* frame-000000.png */,
				5CAF802D1A2F927900B114F9 /* frame-000001.png */,
				5CAF802E1A2F927900B114F9 /* frame-000002.png */,
				5CAF802F1A2F927900B114F9 /* frame-000003.png */,
				5CAF80301A2F927900B114F9 /* frame-000004.png */,
				5CAF80311A2F927900B114F9 /* frame-000005.png */,
				5CAF80321A2F927900B114F9 /* frame-000006.png */,
				5CAF80331A2F927900B114F9 /* frame-000007.png */,
				5CAF80341A2F927900B114F9 /* frame-000008.png */,
				5CAF80351A2F927900B114F9 /* frame-000009.png */,
				5CAF80361A2F927900B114F9 /* frame-000010.png */,
				5CAF80371A2F927900B114F9 /* frame-000011.png */,
				5CAF80381A2F927900B114F9 /* frame-000012.png */,
				5CAF80391A2F927900B114F9 /* frame-000013.png */,
				5CAF803A1A2F927900B114F9 /* frame-000014.png */,
				5CAF803B1A2F927900B114F9 /* frame-000015.png */,
				5CAF803C1A2F927900B114F9 /* frame-000016.png */,
				5CAF803D1A2F927900B114F9 /* frame-000017.png */,
				5CAF803E1A2F927900B114F9 /* frame-000018.png */,
				5CAF803F1A2F927900B114F9 /* frame-000019.png */,
				5CAF80401A2F927900B114F9 /* frame-000020.png */,
				5CAF80411A2F927900B114F9 /* frame-000021.png */,
				5CAF80421A2F927900B114F9 /* frame-000022.png */,
				5CAF80431A2F927900B114F9 /* frame-000023.png */,
				5CAF80441A2F927900B114F9 /* frame-000024.png */,
				5CAF80451A2F927900B114F9 /* frame-000025.png */,
				5CAF80461A2F927900B114F9 /* frame-000026.png */,
				5CAF80471A2F927900B114F9 /* frame-000027.png */,
				5CAF80481A2F927900B114F9 /* frame-000028.png */,
				5CAF80491A2F927900B114F9 /* frame-000029.png */,
				5CAF804A1A2F927900B114F9 /* frame-000030.png */,
				5CAF804B1A2F927900B114F9 /* frame-000031.png */,
				5CAF804C1A2F927900B114F9 /* frame-000032.png */,
				5CAF804D1A2F927900B114F9 /* frame-000033.png */,
				5CAF804E1A2F927900B114F9 /* frame-000034.png */,
				5CAF804F1A2F927900B114F9 /* frame-000035.png */,
				5CAF80501A2F927900B114F9 /* frame-000036.png */,
				5CAF80511A2F927900B114F9 /* frame-000037.png */,
				5CAF80521A2F927900B114F9 /* frame-000038.png */,
				5CAF80531A2F927900B114F9 /* frame-000039.png */,
				5CAF80541A2F927900B114F9 /* frame-000040.png */,
				5CAF80551A2F927900B114F9 /* frame-000041.png */,
				5CAF80561A2F927900B114F9 /* frame-000042.png */,
				5CAF80571A2F927900B114F9 /* frame-000043.png */,
				5CAF80581A2F927900B114F9 /* frame-000044.png */,
				5CAF80591A2F927900B114F9 /* frame-000045.png */,
				5CAF805A1A2F927900B114F9 /* frame-000046.png */,
				5CAF805B1A2F927900B114F9 /* frame-000047.png */,
				5CAF805C1A2F927A00B114F9 /* frame-000048.png */,
				5CAF805D1A2F927A00B114F9 /* frame-000049.png */,
			);
			name = loading;
			path = Login/imgSource/loading;
			sourceTree = "<group>";
		};
		5CDF811A1A403CD800E79AD9 /* FirstNavigation */ = {
			isa = PBXGroup;
			children = (
				5CDF81201A40440700E79AD9 /* navShadow.png */,
				5CDF811E1A403D1400E79AD9 /* nav.png */,
			);
			name = FirstNavigation;
			path = ..;
			sourceTree = "<group>";
		};
		5CDF81221A40462800E79AD9 /* MyLibrary */ = {
			isa = PBXGroup;
			children = (
			);
			name = MyLibrary;
			sourceTree = "<group>";
		};
		5CDF81291A40482E00E79AD9 /* Search */ = {
			isa = PBXGroup;
			children = (
				5CDF812A1A40484F00E79AD9 /* SearchNavController.h */,
				5CDF812B1A40484F00E79AD9 /* SearchNavController.m */,
				5CDF812D1A4048FA00E79AD9 /* SearchTableViewController.h */,
				5CDF812E1A4048FA00E79AD9 /* SearchTableViewController.m */,
			);
			name = Search;
			sourceTree = "<group>";
		};
		5CDF813F1A404C1B00E79AD9 /* timeline */ = {
			isa = PBXGroup;
			children = (
				5C2C2A571A4494260040BCD9 /* timelineButton.h */,
				5C2C2A581A4494260040BCD9 /* timelineButton.m */,
				5C2C2A471A44071C0040BCD9 /* imgsrc */,
				5C2C2A441A43F4F00040BCD9 /* TimelineViewController.h */,
				5C2C2A451A43F4F00040BCD9 /* TimelineViewController.m */,
				5C2C2A661A449ED60040BCD9 /* TimelineTableViewCell.h */,
				5C2C2A671A449ED60040BCD9 /* TimelineTableViewCell.m */,
				5C2C2A691A44A13D0040BCD9 /* TimelineModel.m */,
				5C7E49BA1A470B3B000E53EE /* TimelineModel.h */,
				5C7E49BE1A470F72000E53EE /* timelineTabButton.h */,
				5C7E49BF1A470F72000E53EE /* timelineTabButton.m */,
				5C2F51741A48873D009DA465 /* TimelineTableView.h */,
				5C2F51751A48873D009DA465 /* TimelineTableView.m */,
			);
			name = timeline;
			sourceTree = "<group>";
		};
		5CDF81431A404C5500E79AD9 /* mypost */ = {
			isa = PBXGroup;
			children = (
				5CDF81441A404C8700E79AD9 /* TimelineTableViewController_mypost.h */,
				5CDF81451A404C8700E79AD9 /* TimelineTableViewController_mypost.m */,
			);
			name = mypost;
			sourceTree = "<group>";
		};
		5CDF814D1A404DFB00E79AD9 /* YourLibrary */ = {
			isa = PBXGroup;
			children = (
				5CDF814E1A404E2500E79AD9 /* YourLibraryTableViewController.h */,
				5CDF814F1A404E2500E79AD9 /* YourLibraryTableViewController.m */,
			);
			name = YourLibrary;
			sourceTree = "<group>";
		};
		5CDF81511A404E5900E79AD9 /* PostDetail */ = {
			isa = PBXGroup;
			children = (
				5CDF81521A404E7300E79AD9 /* PostDetailTableViewController.h */,
				5CDF81531A404E7300E79AD9 /* PostDetailTableViewController.m */,
			);
			name = PostDetail;
			sourceTree = "<group>";
		};
		5CDF81551A404E9D00E79AD9 /* BookDetail */ = {
			isa = PBXGroup;
			children = (
				5CDF81561A404EE800E79AD9 /* BookDetailViewController.h */,
				5CDF81571A404EE800E79AD9 /* BookDetailViewController.m */,
			);
			name = BookDetail;
			sourceTree = "<group>";
		};
		5CDF81591A404F2000E79AD9 /* iconSource */ = {
			isa = PBXGroup;
			children = (
				5CDF81661A407C5500E79AD9 /* myLibrary_icon_select.png */,
				5CDF81671A407C5500E79AD9 /* recommand_icon_select.png */,
				5CDF81681A407C5500E79AD9 /* search_icon_select.png */,
				5CDF81691A407C5500E79AD9 /* timeline_icon_select.png */,
				5CDF815E1A4079CE00E79AD9 /* myLibrary_icon.png */,
				5CDF815F1A4079CE00E79AD9 /* recommand_icon.png */,
				5CDF81601A4079CE00E79AD9 /* search_icon.png */,
				5CDF81611A4079CE00E79AD9 /* timeline_icon.png */,
			);
			name = iconSource;
			sourceTree = "<group>";
		};
/* End PBXGroup section */

/* Begin PBXNativeTarget section */
		34F8D44E1A2D6228000D257B /* NEXT_Library */ = {
			isa = PBXNativeTarget;
			buildConfigurationList = 34F8D4721A2D6228000D257B /* Build configuration list for PBXNativeTarget "NEXT_Library" */;
			buildPhases = (
				34F8D44B1A2D6228000D257B /* Sources */,
				34F8D44C1A2D6228000D257B /* Frameworks */,
				34F8D44D1A2D6228000D257B /* Resources */,
			);
			buildRules = (
			);
			dependencies = (
			);
			name = NEXT_Library;
			productName = NEXT_Library;
			productReference = 34F8D44F1A2D6228000D257B /* NEXT_Library.app */;
			productType = "com.apple.product-type.application";
		};
		34F8D4671A2D6228000D257B /* NEXT_LibraryTests */ = {
			isa = PBXNativeTarget;
			buildConfigurationList = 34F8D4751A2D6228000D257B /* Build configuration list for PBXNativeTarget "NEXT_LibraryTests" */;
			buildPhases = (
				34F8D4641A2D6228000D257B /* Sources */,
				34F8D4651A2D6228000D257B /* Frameworks */,
				34F8D4661A2D6228000D257B /* Resources */,
			);
			buildRules = (
			);
			dependencies = (
				34F8D46A1A2D6228000D257B /* PBXTargetDependency */,
			);
			name = NEXT_LibraryTests;
			productName = NEXT_LibraryTests;
			productReference = 34F8D4681A2D6228000D257B /* NEXT_LibraryTests.xctest */;
			productType = "com.apple.product-type.bundle.unit-test";
		};
/* End PBXNativeTarget section */

/* Begin PBXProject section */
		34F8D4471A2D6228000D257B /* Project object */ = {
			isa = PBXProject;
			attributes = {
				LastUpgradeCheck = 0610;
				ORGANIZATIONNAME = FineApple;
				TargetAttributes = {
					34F8D44E1A2D6228000D257B = {
						CreatedOnToolsVersion = 6.1;
						DevelopmentTeam = 39WT95YDMW;
					};
					34F8D4671A2D6228000D257B = {
						CreatedOnToolsVersion = 6.1;
						TestTargetID = 34F8D44E1A2D6228000D257B;
					};
				};
			};
			buildConfigurationList = 34F8D44A1A2D6228000D257B /* Build configuration list for PBXProject "NEXT_Library" */;
			compatibilityVersion = "Xcode 3.2";
			developmentRegion = English;
			hasScannedForEncodings = 0;
			knownRegions = (
				en,
				Base,
			);
			mainGroup = 34F8D4461A2D6228000D257B;
			productRefGroup = 34F8D4501A2D6228000D257B /* Products */;
			projectDirPath = "";
			projectRoot = "";
			targets = (
				34F8D44E1A2D6228000D257B /* NEXT_Library */,
				34F8D4671A2D6228000D257B /* NEXT_LibraryTests */,
			);
		};
/* End PBXProject section */

/* Begin PBXResourcesBuildPhase section */
		34F8D44D1A2D6228000D257B /* Resources */ = {
			isa = PBXResourcesBuildPhase;
			buildActionMask = 2147483647;
			files = (
				5CAF80771A2F927A00B114F9 /* frame-000025.png in Resources */,
				5CDF816C1A407C5500E79AD9 /* search_icon_select.png in Resources */,
				5CAF80751A2F927A00B114F9 /* frame-000023.png in Resources */,
				5C2C2A491A44073E0040BCD9 /* like_icon.png in Resources */,
				34F8D45E1A2D6228000D257B /* Main.storyboard in Resources */,
				34F8D4631A2D6228000D257B /* LaunchScreen.xib in Resources */,
				5C79CBB71A512F230037E70A /* wish.png in Resources */,
				5CAF80651A2F927A00B114F9 /* frame-000007.png in Resources */,
				5CAF806F1A2F927A00B114F9 /* frame-000017.png in Resources */,
				5CAF808D1A2F927A00B114F9 /* frame-000047.png in Resources */,
				5CAF80861A2F927A00B114F9 /* frame-000040.png in Resources */,
				5CAF80801A2F927A00B114F9 /* frame-000034.png in Resources */,
				5C79CBAE1A5103180037E70A /* icon-60@2X.png in Resources */,
				5CAF80761A2F927A00B114F9 /* frame-000024.png in Resources */,
				5CAF80821A2F927A00B114F9 /* frame-000036.png in Resources */,
				5CAF808A1A2F927A00B114F9 /* frame-000044.png in Resources */,
				5CDF81631A4079CE00E79AD9 /* recommand_icon.png in Resources */,
				5CAF80611A2F927A00B114F9 /* frame-000003.png in Resources */,
				5C2C2A621A4499080040BCD9 /* comment_active.png in Resources */,
				5C9F52A31A4E6A88008BCB36 /* quote.png in Resources */,
				5CAF80791A2F927A00B114F9 /* frame-000027.png in Resources */,
				5C2C2A511A4467830040BCD9 /* book_icon.png in Resources */,
				5CAF80661A2F927A00B114F9 /* frame-000008.png in Resources */,
				5CDF816D1A407C5500E79AD9 /* timeline_icon_select.png in Resources */,
				5CAF80621A2F927A00B114F9 /* frame-000004.png in Resources */,
				5CDF816B1A407C5500E79AD9 /* recommand_icon_select.png in Resources */,
				5CAF807F1A2F927A00B114F9 /* frame-000033.png in Resources */,
				5CAF807A1A2F927A00B114F9 /* frame-000028.png in Resources */,
				34F8D4891A2D692C000D257B /* verticalBar_registerEamil.png in Resources */,
				5C2C2A4D1A4419110040BCD9 /* scrap_icon.png in Resources */,
				5C2C2A4C1A4419110040BCD9 /* comment_icon.png in Resources */,
				5CAF80731A2F927A00B114F9 /* frame-000021.png in Resources */,
				5C79CBB61A512F230037E70A /* read.png in Resources */,
				5CAF80871A2F927A00B114F9 /* frame-000041.png in Resources */,
				5C6E3F421A2DA8C500E50A7E /* logo.png in Resources */,
				5CAF806E1A2F927A00B114F9 /* frame-000016.png in Resources */,
				5C2C2A651A4499080040BCD9 /* scrap_inactive.png in Resources */,
				5C7E49BD1A470E8F000E53EE /* newpost_icon.png in Resources */,
				5CAF80721A2F927A00B114F9 /* frame-000020.png in Resources */,
				5CAF80671A2F927A00B114F9 /* frame-000009.png in Resources */,
				5CAF806C1A2F927A00B114F9 /* frame-000014.png in Resources */,
				5CAF807E1A2F927A00B114F9 /* frame-000032.png in Resources */,
				5CAF80851A2F927A00B114F9 /* frame-000039.png in Resources */,
				5CB742C91A2DAE2A006EA127 /* logo.png in Resources */,
				5CAF80841A2F927A00B114F9 /* frame-000038.png in Resources */,
				5CAF80741A2F927A00B114F9 /* frame-000022.png in Resources */,
				34F8D4871A2D692C000D257B /* inputBar_registerEmail.png in Resources */,
				5CDF81621A4079CE00E79AD9 /* myLibrary_icon.png in Resources */,
				5CDF81641A4079CE00E79AD9 /* search_icon.png in Resources */,
				5CDF81651A4079CE00E79AD9 /* timeline_icon.png in Resources */,
				5C9F52A21A4E6A88008BCB36 /* pics.png in Resources */,
				5CAF808E1A2F927A00B114F9 /* frame-000048.png in Resources */,
				5CAF806B1A2F927A00B114F9 /* frame-000013.png in Resources */,
				5CAF807D1A2F927A00B114F9 /* frame-000031.png in Resources */,
				5CAF80641A2F927A00B114F9 /* frame-000006.png in Resources */,
				5C2C2A631A4499080040BCD9 /* comment_inactive.png in Resources */,
				5CAF80601A2F927A00B114F9 /* frame-000002.png in Resources */,
				5CAF80781A2F927A00B114F9 /* frame-000026.png in Resources */,
				5C2C2A531A4469380040BCD9 /* user_icon.png in Resources */,
				5CAF80831A2F927A00B114F9 /* frame-000037.png in Resources */,
				5CDF81211A40440700E79AD9 /* navShadow.png in Resources */,
				5C79CBB91A5130EA0037E70A /* profile_icon.png in Resources */,
				5CAF80701A2F927A00B114F9 /* frame-000018.png in Resources */,
				5CAF80691A2F927A00B114F9 /* frame-000011.png in Resources */,
				5C2C2A4F1A441F9C0040BCD9 /* bookcover_sample.jpeg in Resources */,
				5CAF806A1A2F927A00B114F9 /* frame-000012.png in Resources */,
				5CAF807C1A2F927A00B114F9 /* frame-000030.png in Resources */,
				5CAF806D1A2F927A00B114F9 /* frame-000015.png in Resources */,
				5CAF808F1A2F927A00B114F9 /* frame-000049.png in Resources */,
				5C2C2A5D1A4498A80040BCD9 /* like_inactive.png in Resources */,
				5C2C2A641A4499080040BCD9 /* scrap_active.png in Resources */,
				5CAF80711A2F927A00B114F9 /* frame-000019.png in Resources */,
				5CAF80891A2F927A00B114F9 /* frame-000043.png in Resources */,
				5CAF808B1A2F927A00B114F9 /* frame-000045.png in Resources */,
				5CAF80681A2F927A00B114F9 /* frame-000010.png in Resources */,
				5CDF816A1A407C5500E79AD9 /* myLibrary_icon_select.png in Resources */,
				5C2C2A5C1A4498A80040BCD9 /* like_active.png in Resources */,
				5CAF807B1A2F927A00B114F9 /* frame-000029.png in Resources */,
				5C6E3F431A2DA8C500E50A7E /* underline.png in Resources */,
				5CAF808C1A2F927A00B114F9 /* frame-000046.png in Resources */,
				34F8D4601A2D6228000D257B /* Images.xcassets in Resources */,
				5CAF805F1A2F927A00B114F9 /* frame-000001.png in Resources */,
				5CAF80881A2F927A00B114F9 /* frame-000042.png in Resources */,
				5CAF80631A2F927A00B114F9 /* frame-000005.png in Resources */,
				5CAF805E1A2F927A00B114F9 /* frame-000000.png in Resources */,
				5CAF80811A2F927A00B114F9 /* frame-000035.png in Resources */,
				5CDF811F1A403D1400E79AD9 /* nav.png in Resources */,
			);
			runOnlyForDeploymentPostprocessing = 0;
		};
		34F8D4661A2D6228000D257B /* Resources */ = {
			isa = PBXResourcesBuildPhase;
			buildActionMask = 2147483647;
			files = (
			);
			runOnlyForDeploymentPostprocessing = 0;
		};
/* End PBXResourcesBuildPhase section */

/* Begin PBXSourcesBuildPhase section */
		34F8D44B1A2D6228000D257B /* Sources */ = {
			isa = PBXSourcesBuildPhase;
			buildActionMask = 2147483647;
			files = (
				5C8E43E91A401D8900A5AA38 /* NXBookDataModel.m in Sources */,
				5C321D8B1A4F2C3F00DADD90 /* serachResultBookButton.h in Sources */,
				34F8D47B1A2D6313000D257B /* LoginViewController.m in Sources */,
				5C8E43E61A401D6400A5AA38 /* SetBookFirstTableViewController.m in Sources */,
				5CDF81581A404EE800E79AD9 /* BookDetailViewController.m in Sources */,
				5CDF81461A404C8700E79AD9 /* TimelineTableViewController_mypost.m in Sources */,
				5C8D13021A38560000628527 /* MainTabViewController.m in Sources */,
				5C7E49BB1A470B47000E53EE /* TimelineModel.h in Sources */,
				5C79CBBF1A5132860037E70A /* SettingModifyPasswordViewController.m in Sources */,
				5C18DAC51A4EF0F2005DDB70 /* postingModel.m in Sources */,
				5C8E43ED1A401E1300A5AA38 /* InitProfileViewController.m in Sources */,
				5CDF815B1A40734300E79AD9 /* LoadScene.m in Sources */,
				5C321D8E1A50295200DADD90 /* PostingScrollView.m in Sources */,
				5C8E43F11A40244800A5AA38 /* publicSetting.m in Sources */,
				5C2C2A681A449ED60040BCD9 /* TimelineTableViewCell.m in Sources */,
				5C321D8A1A4F2C1400DADD90 /* serachResultBookButton.m in Sources */,
				5C2C2A591A4494260040BCD9 /* timelineButton.m in Sources */,
				5C2F51771A48874A009DA465 /* TimelineTableView.h in Sources */,
				5CDF812C1A40484F00E79AD9 /* SearchNavController.m in Sources */,
				5C2968331A35D3740029CBD0 /* TimelineTabController.m in Sources */,
				5C06316B1A36CF860009D042 /* LoginModel.m in Sources */,
				5CDF812F1A4048FA00E79AD9 /* SearchTableViewController.m in Sources */,
				34F8D45B1A2D6228000D257B /* ViewController.m in Sources */,
				5C8E43F41A40255500A5AA38 /* publicSetting.h in Sources */,
				5C2C2A461A43F4F00040BCD9 /* TimelineViewController.m in Sources */,
				34F8D4581A2D6228000D257B /* AppDelegate.m in Sources */,
				34219F621A3F048C0040CE38 /* BookTableViewCell.m in Sources */,
				5CDF814C1A404DBF00E79AD9 /* PostingViewController.m in Sources */,
				5C79CBB21A511C1F0037E70A /* SettingViewController.m in Sources */,
				5C7E49C01A470F72000E53EE /* timelineTabButton.m in Sources */,
				5C2F51761A48873D009DA465 /* TimelineTableView.m in Sources */,
				5CDF81501A404E2500E79AD9 /* YourLibraryTableViewController.m in Sources */,
				5CA7CD221A45EEA300BE538A /* TimelineTableViewCell.h in Sources */,
				5CDF815D1A4073BF00E79AD9 /* LoadScene.h in Sources */,
				34F8D4551A2D6228000D257B /* main.m in Sources */,
				5CEF8F191A4EAE0E00818075 /* postingBookSearch.m in Sources */,
				5C79CBC11A513C040037E70A /* SettingModel.m in Sources */,
				5C79CBBC1A5131440037E70A /* SettingModifyNameViewController.m in Sources */,
				5CDF81541A404E7300E79AD9 /* PostDetailTableViewController.m in Sources */,
				5C2C2A6A1A44A13D0040BCD9 /* TimelineModel.m in Sources */,
				34F8D47E1A2D6393000D257B /* RegisterEmailViewController.m in Sources */,
			);
			runOnlyForDeploymentPostprocessing = 0;
		};
		34F8D4641A2D6228000D257B /* Sources */ = {
			isa = PBXSourcesBuildPhase;
			buildActionMask = 2147483647;
			files = (
				34F8D46F1A2D6228000D257B /* NEXT_LibraryTests.m in Sources */,
			);
			runOnlyForDeploymentPostprocessing = 0;
		};
/* End PBXSourcesBuildPhase section */

/* Begin PBXTargetDependency section */
		34F8D46A1A2D6228000D257B /* PBXTargetDependency */ = {
			isa = PBXTargetDependency;
			target = 34F8D44E1A2D6228000D257B /* NEXT_Library */;
			targetProxy = 34F8D4691A2D6228000D257B /* PBXContainerItemProxy */;
		};
/* End PBXTargetDependency section */

/* Begin PBXVariantGroup section */
		34F8D45C1A2D6228000D257B /* Main.storyboard */ = {
			isa = PBXVariantGroup;
			children = (
				34F8D45D1A2D6228000D257B /* Base */,
			);
			name = Main.storyboard;
			sourceTree = "<group>";
		};
		34F8D4611A2D6228000D257B /* LaunchScreen.xib */ = {
			isa = PBXVariantGroup;
			children = (
				34F8D4621A2D6228000D257B /* Base */,
			);
			name = LaunchScreen.xib;
			sourceTree = "<group>";
		};
/* End PBXVariantGroup section */

/* Begin XCBuildConfiguration section */
		34F8D4701A2D6228000D257B /* Debug */ = {
			isa = XCBuildConfiguration;
			buildSettings = {
				ALWAYS_SEARCH_USER_PATHS = NO;
				CLANG_CXX_LANGUAGE_STANDARD = "gnu++0x";
				CLANG_CXX_LIBRARY = "libc++";
				CLANG_ENABLE_MODULES = YES;
				CLANG_ENABLE_OBJC_ARC = YES;
				CLANG_WARN_BOOL_CONVERSION = YES;
				CLANG_WARN_CONSTANT_CONVERSION = YES;
				CLANG_WARN_DIRECT_OBJC_ISA_USAGE = YES_ERROR;
				CLANG_WARN_EMPTY_BODY = YES;
				CLANG_WARN_ENUM_CONVERSION = YES;
				CLANG_WARN_INT_CONVERSION = YES;
				CLANG_WARN_OBJC_ROOT_CLASS = YES_ERROR;
				CLANG_WARN_UNREACHABLE_CODE = YES;
				CLANG_WARN__DUPLICATE_METHOD_MATCH = YES;
				"CODE_SIGN_IDENTITY[sdk=iphoneos*]" = "iPhone Developer";
				COPY_PHASE_STRIP = NO;
				ENABLE_STRICT_OBJC_MSGSEND = YES;
				GCC_C_LANGUAGE_STANDARD = gnu99;
				GCC_DYNAMIC_NO_PIC = NO;
				GCC_OPTIMIZATION_LEVEL = 0;
				GCC_PREPROCESSOR_DEFINITIONS = (
					"DEBUG=1",
					"$(inherited)",
				);
				GCC_SYMBOLS_PRIVATE_EXTERN = NO;
				GCC_WARN_64_TO_32_BIT_CONVERSION = YES;
				GCC_WARN_ABOUT_RETURN_TYPE = YES_ERROR;
				GCC_WARN_UNDECLARED_SELECTOR = YES;
				GCC_WARN_UNINITIALIZED_AUTOS = YES_AGGRESSIVE;
				GCC_WARN_UNUSED_FUNCTION = YES;
				GCC_WARN_UNUSED_VARIABLE = YES;
				IPHONEOS_DEPLOYMENT_TARGET = 8.1;
				MTL_ENABLE_DEBUG_INFO = YES;
				ONLY_ACTIVE_ARCH = YES;
				SDKROOT = iphoneos;
			};
			name = Debug;
		};
		34F8D4711A2D6228000D257B /* Release */ = {
			isa = XCBuildConfiguration;
			buildSettings = {
				ALWAYS_SEARCH_USER_PATHS = NO;
				CLANG_CXX_LANGUAGE_STANDARD = "gnu++0x";
				CLANG_CXX_LIBRARY = "libc++";
				CLANG_ENABLE_MODULES = YES;
				CLANG_ENABLE_OBJC_ARC = YES;
				CLANG_WARN_BOOL_CONVERSION = YES;
				CLANG_WARN_CONSTANT_CONVERSION = YES;
				CLANG_WARN_DIRECT_OBJC_ISA_USAGE = YES_ERROR;
				CLANG_WARN_EMPTY_BODY = YES;
				CLANG_WARN_ENUM_CONVERSION = YES;
				CLANG_WARN_INT_CONVERSION = YES;
				CLANG_WARN_OBJC_ROOT_CLASS = YES_ERROR;
				CLANG_WARN_UNREACHABLE_CODE = YES;
				CLANG_WARN__DUPLICATE_METHOD_MATCH = YES;
				"CODE_SIGN_IDENTITY[sdk=iphoneos*]" = "iPhone Developer";
				COPY_PHASE_STRIP = YES;
				ENABLE_NS_ASSERTIONS = NO;
				ENABLE_STRICT_OBJC_MSGSEND = YES;
				GCC_C_LANGUAGE_STANDARD = gnu99;
				GCC_WARN_64_TO_32_BIT_CONVERSION = YES;
				GCC_WARN_ABOUT_RETURN_TYPE = YES_ERROR;
				GCC_WARN_UNDECLARED_SELECTOR = YES;
				GCC_WARN_UNINITIALIZED_AUTOS = YES_AGGRESSIVE;
				GCC_WARN_UNUSED_FUNCTION = YES;
				GCC_WARN_UNUSED_VARIABLE = YES;
				IPHONEOS_DEPLOYMENT_TARGET = 8.1;
				MTL_ENABLE_DEBUG_INFO = NO;
				SDKROOT = iphoneos;
				VALIDATE_PRODUCT = YES;
			};
			name = Release;
		};
		34F8D4731A2D6228000D257B /* Debug */ = {
			isa = XCBuildConfiguration;
			buildSettings = {
				ASSETCATALOG_COMPILER_APPICON_NAME = AppIcon;
				CODE_SIGN_IDENTITY = "iPhone Developer";
				INFOPLIST_FILE = NEXT_Library/Info.plist;
				IPHONEOS_DEPLOYMENT_TARGET = 7.0;
				LD_RUNPATH_SEARCH_PATHS = "$(inherited) @executable_path/Frameworks";
				PRODUCT_NAME = "$(TARGET_NAME)";
				TARGETED_DEVICE_FAMILY = 1;
			};
			name = Debug;
		};
		34F8D4741A2D6228000D257B /* Release */ = {
			isa = XCBuildConfiguration;
			buildSettings = {
				ASSETCATALOG_COMPILER_APPICON_NAME = AppIcon;
				CODE_SIGN_IDENTITY = "iPhone Developer";
				INFOPLIST_FILE = NEXT_Library/Info.plist;
				IPHONEOS_DEPLOYMENT_TARGET = 7.0;
				LD_RUNPATH_SEARCH_PATHS = "$(inherited) @executable_path/Frameworks";
				PRODUCT_NAME = "$(TARGET_NAME)";
				TARGETED_DEVICE_FAMILY = 1;
			};
			name = Release;
		};
		34F8D4761A2D6228000D257B /* Debug */ = {
			isa = XCBuildConfiguration;
			buildSettings = {
				BUNDLE_LOADER = "$(TEST_HOST)";
				FRAMEWORK_SEARCH_PATHS = (
					"$(SDKROOT)/Developer/Library/Frameworks",
					"$(inherited)",
				);
				GCC_PREPROCESSOR_DEFINITIONS = (
					"DEBUG=1",
					"$(inherited)",
				);
				INFOPLIST_FILE = NEXT_LibraryTests/Info.plist;
				LD_RUNPATH_SEARCH_PATHS = "$(inherited) @executable_path/Frameworks @loader_path/Frameworks";
				PRODUCT_NAME = "$(TARGET_NAME)";
				TEST_HOST = "$(BUILT_PRODUCTS_DIR)/NEXT_Library.app/NEXT_Library";
			};
			name = Debug;
		};
		34F8D4771A2D6228000D257B /* Release */ = {
			isa = XCBuildConfiguration;
			buildSettings = {
				BUNDLE_LOADER = "$(TEST_HOST)";
				FRAMEWORK_SEARCH_PATHS = (
					"$(SDKROOT)/Developer/Library/Frameworks",
					"$(inherited)",
				);
				INFOPLIST_FILE = NEXT_LibraryTests/Info.plist;
				LD_RUNPATH_SEARCH_PATHS = "$(inherited) @executable_path/Frameworks @loader_path/Frameworks";
				PRODUCT_NAME = "$(TARGET_NAME)";
				TEST_HOST = "$(BUILT_PRODUCTS_DIR)/NEXT_Library.app/NEXT_Library";
			};
			name = Release;
		};
/* End XCBuildConfiguration section */

/* Begin XCConfigurationList section */
		34F8D44A1A2D6228000D257B /* Build configuration list for PBXProject "NEXT_Library" */ = {
			isa = XCConfigurationList;
			buildConfigurations = (
				34F8D4701A2D6228000D257B /* Debug */,
				34F8D4711A2D6228000D257B /* Release */,
			);
			defaultConfigurationIsVisible = 0;
			defaultConfigurationName = Release;
		};
		34F8D4721A2D6228000D257B /* Build configuration list for PBXNativeTarget "NEXT_Library" */ = {
			isa = XCConfigurationList;
			buildConfigurations = (
				34F8D4731A2D6228000D257B /* Debug */,
				34F8D4741A2D6228000D257B /* Release */,
			);
			defaultConfigurationIsVisible = 0;
			defaultConfigurationName = Release;
		};
		34F8D4751A2D6228000D257B /* Build configuration list for PBXNativeTarget "NEXT_LibraryTests" */ = {
			isa = XCConfigurationList;
			buildConfigurations = (
				34F8D4761A2D6228000D257B /* Debug */,
				34F8D4771A2D6228000D257B /* Release */,
			);
			defaultConfigurationIsVisible = 0;
			defaultConfigurationName = Release;
		};
/* End XCConfigurationList section */
	};
	rootObject = 34F8D4471A2D6228000D257B /* Project object */;
}
