// !$*UTF8*$!
{
	archiveVersion = 1;
	classes = {
	};
	objectVersion = 46;
	objects = {

/* Begin PBXBuildFile section */
		34F8D4551A2D6228000D257B /* main.m in Sources */ = {isa = PBXBuildFile; fileRef = 34F8D4541A2D6228000D257B /* main.m */; };
		34F8D4581A2D6228000D257B /* AppDelegate.m in Sources */ = {isa = PBXBuildFile; fileRef = 34F8D4571A2D6228000D257B /* AppDelegate.m */; };
		34F8D45B1A2D6228000D257B /* ViewController.m in Sources */ = {isa = PBXBuildFile; fileRef = 34F8D45A1A2D6228000D257B /* ViewController.m */; };
		34F8D45E1A2D6228000D257B /* Main.storyboard in Resources */ = {isa = PBXBuildFile; fileRef = 34F8D45C1A2D6228000D257B /* Main.storyboard */; };
		34F8D4601A2D6228000D257B /* Images.xcassets in Resources */ = {isa = PBXBuildFile; fileRef = 34F8D45F1A2D6228000D257B /* Images.xcassets */; };
		34F8D4631A2D6228000D257B /* LaunchScreen.xib in Resources */ = {isa = PBXBuildFile; fileRef = 34F8D4611A2D6228000D257B /* LaunchScreen.xib */; };
		34F8D46F1A2D6228000D257B /* NEXT_LibraryTests.m in Sources */ = {isa = PBXBuildFile; fileRef = 34F8D46E1A2D6228000D257B /* NEXT_LibraryTests.m */; };
		34F8D47B1A2D6313000D257B /* LoginViewController.m in Sources */ = {isa = PBXBuildFile; fileRef = 34F8D47A1A2D6313000D257B /* LoginViewController.m */; };
		34F8D47E1A2D6393000D257B /* RegisterEmailViewController.m in Sources */ = {isa = PBXBuildFile; fileRef = 34F8D47D1A2D6393000D257B /* RegisterEmailViewController.m */; };
		34F8D4871A2D692C000D257B /* inputBar_registerEmail.png in Resources */ = {isa = PBXBuildFile; fileRef = 34F8D4841A2D692C000D257B /* inputBar_registerEmail.png */; };
		34F8D4891A2D692C000D257B /* verticalBar_registerEamil.png in Resources */ = {isa = PBXBuildFile; fileRef = 34F8D4861A2D692C000D257B /* verticalBar_registerEamil.png */; };
		5C0631651A3697EF0009D042 /* TimelineTableViewController.m in Sources */ = {isa = PBXBuildFile; fileRef = 5C0631641A3697EF0009D042 /* TimelineTableViewController.m */; };
		5C06316B1A36CF860009D042 /* LoginModel.m in Sources */ = {isa = PBXBuildFile; fileRef = 5C06316A1A36CF860009D042 /* LoginModel.m */; };
		5C2968331A35D3740029CBD0 /* TimelineNavViewController.m in Sources */ = {isa = PBXBuildFile; fileRef = 5C2968321A35D3740029CBD0 /* TimelineNavViewController.m */; };
		5C2968391A35DF0F0029CBD0 /* profile_icon.png in Resources */ = {isa = PBXBuildFile; fileRef = 5C2968351A35DF0F0029CBD0 /* profile_icon.png */; };
		5C29683A1A35DF0F0029CBD0 /* recommand_icon.png in Resources */ = {isa = PBXBuildFile; fileRef = 5C2968361A35DF0F0029CBD0 /* recommand_icon.png */; };
		5C29683B1A35DF0F0029CBD0 /* search_icon.png in Resources */ = {isa = PBXBuildFile; fileRef = 5C2968371A35DF0F0029CBD0 /* search_icon.png */; };
		5C29683C1A35DF0F0029CBD0 /* timeline_icon.png in Resources */ = {isa = PBXBuildFile; fileRef = 5C2968381A35DF0F0029CBD0 /* timeline_icon.png */; };
		5C6E3F421A2DA8C500E50A7E /* logo.png in Resources */ = {isa = PBXBuildFile; fileRef = 5C6E3F401A2DA8C500E50A7E /* logo.png */; };
		5C6E3F431A2DA8C500E50A7E /* underline.png in Resources */ = {isa = PBXBuildFile; fileRef = 5C6E3F411A2DA8C500E50A7E /* underline.png */; };
		5C8D13021A38560000628527 /* MainTabViewController.m in Sources */ = {isa = PBXBuildFile; fileRef = 5C8D13011A38560000628527 /* MainTabViewController.m */; };
		5CAF805E1A2F927A00B114F9 /* frame-000000.png in Resources */ = {isa = PBXBuildFile; fileRef = 5CAF802C1A2F927900B114F9 /* frame-000000.png */; };
		5CAF805F1A2F927A00B114F9 /* frame-000001.png in Resources */ = {isa = PBXBuildFile; fileRef = 5CAF802D1A2F927900B114F9 /* frame-000001.png */; };
		5CAF80601A2F927A00B114F9 /* frame-000002.png in Resources */ = {isa = PBXBuildFile; fileRef = 5CAF802E1A2F927900B114F9 /* frame-000002.png */; };
		5CAF80611A2F927A00B114F9 /* frame-000003.png in Resources */ = {isa = PBXBuildFile; fileRef = 5CAF802F1A2F927900B114F9 /* frame-000003.png */; };
		5CAF80621A2F927A00B114F9 /* frame-000004.png in Resources */ = {isa = PBXBuildFile; fileRef = 5CAF80301A2F927900B114F9 /* frame-000004.png */; };
		5CAF80631A2F927A00B114F9 /* frame-000005.png in Resources */ = {isa = PBXBuildFile; fileRef = 5CAF80311A2F927900B114F9 /* frame-000005.png */; };
		5CAF80641A2F927A00B114F9 /* frame-000006.png in Resources */ = {isa = PBXBuildFile; fileRef = 5CAF80321A2F927900B114F9 /* frame-000006.png */; };
		5CAF80651A2F927A00B114F9 /* frame-000007.png in Resources */ = {isa = PBXBuildFile; fileRef = 5CAF80331A2F927900B114F9 /* frame-000007.png */; };
		5CAF80661A2F927A00B114F9 /* frame-000008.png in Resources */ = {isa = PBXBuildFile; fileRef = 5CAF80341A2F927900B114F9 /* frame-000008.png */; };
		5CAF80671A2F927A00B114F9 /* frame-000009.png in Resources */ = {isa = PBXBuildFile; fileRef = 5CAF80351A2F927900B114F9 /* frame-000009.png */; };
		5CAF80681A2F927A00B114F9 /* frame-000010.png in Resources */ = {isa = PBXBuildFile; fileRef = 5CAF80361A2F927900B114F9 /* frame-000010.png */; };
		5CAF80691A2F927A00B114F9 /* frame-000011.png in Resources */ = {isa = PBXBuildFile; fileRef = 5CAF80371A2F927900B114F9 /* frame-000011.png */; };
		5CAF806A1A2F927A00B114F9 /* frame-000012.png in Resources */ = {isa = PBXBuildFile; fileRef = 5CAF80381A2F927900B114F9 /* frame-000012.png */; };
		5CAF806B1A2F927A00B114F9 /* frame-000013.png in Resources */ = {isa = PBXBuildFile; fileRef = 5CAF80391A2F927900B114F9 /* frame-000013.png */; };
		5CAF806C1A2F927A00B114F9 /* frame-000014.png in Resources */ = {isa = PBXBuildFile; fileRef = 5CAF803A1A2F927900B114F9 /* frame-000014.png */; };
		5CAF806D1A2F927A00B114F9 /* frame-000015.png in Resources */ = {isa = PBXBuildFile; fileRef = 5CAF803B1A2F927900B114F9 /* frame-000015.png */; };
		5CAF806E1A2F927A00B114F9 /* frame-000016.png in Resources */ = {isa = PBXBuildFile; fileRef = 5CAF803C1A2F927900B114F9 /* frame-000016.png */; };
		5CAF806F1A2F927A00B114F9 /* frame-000017.png in Resources */ = {isa = PBXBuildFile; fileRef = 5CAF803D1A2F927900B114F9 /* frame-000017.png */; };
		5CAF80701A2F927A00B114F9 /* frame-000018.png in Resources */ = {isa = PBXBuildFile; fileRef = 5CAF803E1A2F927900B114F9 /* frame-000018.png */; };
		5CAF80711A2F927A00B114F9 /* frame-000019.png in Resources */ = {isa = PBXBuildFile; fileRef = 5CAF803F1A2F927900B114F9 /* frame-000019.png */; };
		5CAF80721A2F927A00B114F9 /* frame-000020.png in Resources */ = {isa = PBXBuildFile; fileRef = 5CAF80401A2F927900B114F9 /* frame-000020.png */; };
		5CAF80731A2F927A00B114F9 /* frame-000021.png in Resources */ = {isa = PBXBuildFile; fileRef = 5CAF80411A2F927900B114F9 /* frame-000021.png */; };
		5CAF80741A2F927A00B114F9 /* frame-000022.png in Resources */ = {isa = PBXBuildFile; fileRef = 5CAF80421A2F927900B114F9 /* frame-000022.png */; };
		5CAF80751A2F927A00B114F9 /* frame-000023.png in Resources */ = {isa = PBXBuildFile; fileRef = 5CAF80431A2F927900B114F9 /* frame-000023.png */; };
		5CAF80761A2F927A00B114F9 /* frame-000024.png in Resources */ = {isa = PBXBuildFile; fileRef = 5CAF80441A2F927900B114F9 /* frame-000024.png */; };
		5CAF80771A2F927A00B114F9 /* frame-000025.png in Resources */ = {isa = PBXBuildFile; fileRef = 5CAF80451A2F927900B114F9 /* frame-000025.png */; };
		5CAF80781A2F927A00B114F9 /* frame-000026.png in Resources */ = {isa = PBXBuildFile; fileRef = 5CAF80461A2F927900B114F9 /* frame-000026.png */; };
		5CAF80791A2F927A00B114F9 /* frame-000027.png in Resources */ = {isa = PBXBuildFile; fileRef = 5CAF80471A2F927900B114F9 /* frame-000027.png */; };
		5CAF807A1A2F927A00B114F9 /* frame-000028.png in Resources */ = {isa = PBXBuildFile; fileRef = 5CAF80481A2F927900B114F9 /* frame-000028.png */; };
		5CAF807B1A2F927A00B114F9 /* frame-000029.png in Resources */ = {isa = PBXBuildFile; fileRef = 5CAF80491A2F927900B114F9 /* frame-000029.png */; };
		5CAF807C1A2F927A00B114F9 /* frame-000030.png in Resources */ = {isa = PBXBuildFile; fileRef = 5CAF804A1A2F927900B114F9 /* frame-000030.png */; };
		5CAF807D1A2F927A00B114F9 /* frame-000031.png in Resources */ = {isa = PBXBuildFile; fileRef = 5CAF804B1A2F927900B114F9 /* frame-000031.png */; };
		5CAF807E1A2F927A00B114F9 /* frame-000032.png in Resources */ = {isa = PBXBuildFile; fileRef = 5CAF804C1A2F927900B114F9 /* frame-000032.png */; };
		5CAF807F1A2F927A00B114F9 /* frame-000033.png in Resources */ = {isa = PBXBuildFile; fileRef = 5CAF804D1A2F927900B114F9 /* frame-000033.png */; };
		5CAF80801A2F927A00B114F9 /* frame-000034.png in Resources */ = {isa = PBXBuildFile; fileRef = 5CAF804E1A2F927900B114F9 /* frame-000034.png */; };
		5CAF80811A2F927A00B114F9 /* frame-000035.png in Resources */ = {isa = PBXBuildFile; fileRef = 5CAF804F1A2F927900B114F9 /* frame-000035.png */; };
		5CAF80821A2F927A00B114F9 /* frame-000036.png in Resources */ = {isa = PBXBuildFile; fileRef = 5CAF80501A2F927900B114F9 /* frame-000036.png */; };
		5CAF80831A2F927A00B114F9 /* frame-000037.png in Resources */ = {isa = PBXBuildFile; fileRef = 5CAF80511A2F927900B114F9 /* frame-000037.png */; };
		5CAF80841A2F927A00B114F9 /* frame-000038.png in Resources */ = {isa = PBXBuildFile; fileRef = 5CAF80521A2F927900B114F9 /* frame-000038.png */; };
		5CAF80851A2F927A00B114F9 /* frame-000039.png in Resources */ = {isa = PBXBuildFile; fileRef = 5CAF80531A2F927900B114F9 /* frame-000039.png */; };
		5CAF80861A2F927A00B114F9 /* frame-000040.png in Resources */ = {isa = PBXBuildFile; fileRef = 5CAF80541A2F927900B114F9 /* frame-000040.png */; };
		5CAF80871A2F927A00B114F9 /* frame-000041.png in Resources */ = {isa = PBXBuildFile; fileRef = 5CAF80551A2F927900B114F9 /* frame-000041.png */; };
		5CAF80881A2F927A00B114F9 /* frame-000042.png in Resources */ = {isa = PBXBuildFile; fileRef = 5CAF80561A2F927900B114F9 /* frame-000042.png */; };
		5CAF80891A2F927A00B114F9 /* frame-000043.png in Resources */ = {isa = PBXBuildFile; fileRef = 5CAF80571A2F927900B114F9 /* frame-000043.png */; };
		5CAF808A1A2F927A00B114F9 /* frame-000044.png in Resources */ = {isa = PBXBuildFile; fileRef = 5CAF80581A2F927900B114F9 /* frame-000044.png */; };
		5CAF808B1A2F927A00B114F9 /* frame-000045.png in Resources */ = {isa = PBXBuildFile; fileRef = 5CAF80591A2F927900B114F9 /* frame-000045.png */; };
		5CAF808C1A2F927A00B114F9 /* frame-000046.png in Resources */ = {isa = PBXBuildFile; fileRef = 5CAF805A1A2F927900B114F9 /* frame-000046.png */; };
		5CAF808D1A2F927A00B114F9 /* frame-000047.png in Resources */ = {isa = PBXBuildFile; fileRef = 5CAF805B1A2F927900B114F9 /* frame-000047.png */; };
		5CAF808E1A2F927A00B114F9 /* frame-000048.png in Resources */ = {isa = PBXBuildFile; fileRef = 5CAF805C1A2F927A00B114F9 /* frame-000048.png */; };
		5CAF808F1A2F927A00B114F9 /* frame-000049.png in Resources */ = {isa = PBXBuildFile; fileRef = 5CAF805D1A2F927A00B114F9 /* frame-000049.png */; };
		5CB742C91A2DAE2A006EA127 /* logo.png in Resources */ = {isa = PBXBuildFile; fileRef = 5CB742C81A2DAE2A006EA127 /* logo.png */; };
/* End PBXBuildFile section */

/* Begin PBXContainerItemProxy section */
		34F8D4691A2D6228000D257B /* PBXContainerItemProxy */ = {
			isa = PBXContainerItemProxy;
			containerPortal = 34F8D4471A2D6228000D257B /* Project object */;
			proxyType = 1;
			remoteGlobalIDString = 34F8D44E1A2D6228000D257B;
			remoteInfo = NEXT_Library;
		};
/* End PBXContainerItemProxy section */

/* Begin PBXFileReference section */
		34F8D44F1A2D6228000D257B /* NEXT_Library.app */ = {isa = PBXFileReference; explicitFileType = wrapper.application; includeInIndex = 0; path = NEXT_Library.app; sourceTree = BUILT_PRODUCTS_DIR; };
		34F8D4531A2D6228000D257B /* Info.plist */ = {isa = PBXFileReference; lastKnownFileType = text.plist.xml; path = Info.plist; sourceTree = "<group>"; };
		34F8D4541A2D6228000D257B /* main.m */ = {isa = PBXFileReference; lastKnownFileType = sourcecode.c.objc; path = main.m; sourceTree = "<group>"; };
		34F8D4561A2D6228000D257B /* AppDelegate.h */ = {isa = PBXFileReference; lastKnownFileType = sourcecode.c.h; path = AppDelegate.h; sourceTree = "<group>"; };
		34F8D4571A2D6228000D257B /* AppDelegate.m */ = {isa = PBXFileReference; lastKnownFileType = sourcecode.c.objc; path = AppDelegate.m; sourceTree = "<group>"; };
		34F8D4591A2D6228000D257B /* ViewController.h */ = {isa = PBXFileReference; lastKnownFileType = sourcecode.c.h; path = ViewController.h; sourceTree = "<group>"; };
		34F8D45A1A2D6228000D257B /* ViewController.m */ = {isa = PBXFileReference; lastKnownFileType = sourcecode.c.objc; path = ViewController.m; sourceTree = "<group>"; };
		34F8D45D1A2D6228000D257B /* Base */ = {isa = PBXFileReference; lastKnownFileType = file.storyboard; name = Base; path = Base.lproj/Main.storyboard; sourceTree = "<group>"; };
		34F8D45F1A2D6228000D257B /* Images.xcassets */ = {isa = PBXFileReference; lastKnownFileType = folder.assetcatalog; path = Images.xcassets; sourceTree = "<group>"; };
		34F8D4621A2D6228000D257B /* Base */ = {isa = PBXFileReference; lastKnownFileType = file.xib; name = Base; path = Base.lproj/LaunchScreen.xib; sourceTree = "<group>"; };
		34F8D4681A2D6228000D257B /* NEXT_LibraryTests.xctest */ = {isa = PBXFileReference; explicitFileType = wrapper.cfbundle; includeInIndex = 0; path = NEXT_LibraryTests.xctest; sourceTree = BUILT_PRODUCTS_DIR; };
		34F8D46D1A2D6228000D257B /* Info.plist */ = {isa = PBXFileReference; lastKnownFileType = text.plist.xml; path = Info.plist; sourceTree = "<group>"; };
		34F8D46E1A2D6228000D257B /* NEXT_LibraryTests.m */ = {isa = PBXFileReference; lastKnownFileType = sourcecode.c.objc; path = NEXT_LibraryTests.m; sourceTree = "<group>"; };
		34F8D4791A2D6313000D257B /* LoginViewController.h */ = {isa = PBXFileReference; fileEncoding = 4; lastKnownFileType = sourcecode.c.h; name = LoginViewController.h; path = Login/LoginViewController.h; sourceTree = "<group>"; };
		34F8D47A1A2D6313000D257B /* LoginViewController.m */ = {isa = PBXFileReference; fileEncoding = 4; lastKnownFileType = sourcecode.c.objc; name = LoginViewController.m; path = Login/LoginViewController.m; sourceTree = "<group>"; };
		34F8D47C1A2D6393000D257B /* RegisterEmailViewController.h */ = {isa = PBXFileReference; fileEncoding = 4; lastKnownFileType = sourcecode.c.h; name = RegisterEmailViewController.h; path = RegisterEmail/RegisterEmailViewController.h; sourceTree = "<group>"; };
		34F8D47D1A2D6393000D257B /* RegisterEmailViewController.m */ = {isa = PBXFileReference; fileEncoding = 4; lastKnownFileType = sourcecode.c.objc; name = RegisterEmailViewController.m; path = RegisterEmail/RegisterEmailViewController.m; sourceTree = "<group>"; };
		34F8D4841A2D692C000D257B /* inputBar_registerEmail.png */ = {isa = PBXFileReference; lastKnownFileType = image.png; path = inputBar_registerEmail.png; sourceTree = "<group>"; };
		34F8D4861A2D692C000D257B /* verticalBar_registerEamil.png */ = {isa = PBXFileReference; lastKnownFileType = image.png; path = verticalBar_registerEamil.png; sourceTree = "<group>"; };
		5C0631631A3697EF0009D042 /* TimelineTableViewController.h */ = {isa = PBXFileReference; fileEncoding = 4; lastKnownFileType = sourcecode.c.h; name = TimelineTableViewController.h; path = Timeline/TimelineTableViewController.h; sourceTree = "<group>"; };
		5C0631641A3697EF0009D042 /* TimelineTableViewController.m */ = {isa = PBXFileReference; fileEncoding = 4; lastKnownFileType = sourcecode.c.objc; name = TimelineTableViewController.m; path = Timeline/TimelineTableViewController.m; sourceTree = "<group>"; };
		5C0631691A36CF860009D042 /* LoginModel.h */ = {isa = PBXFileReference; fileEncoding = 4; lastKnownFileType = sourcecode.c.h; name = LoginModel.h; path = Login/LoginModel.h; sourceTree = "<group>"; };
		5C06316A1A36CF860009D042 /* LoginModel.m */ = {isa = PBXFileReference; fileEncoding = 4; lastKnownFileType = sourcecode.c.objc; name = LoginModel.m; path = Login/LoginModel.m; sourceTree = "<group>"; };
		5C2968311A35D3740029CBD0 /* TimelineNavViewController.h */ = {isa = PBXFileReference; fileEncoding = 4; lastKnownFileType = sourcecode.c.h; name = TimelineNavViewController.h; path = Timeline/TimelineNavViewController.h; sourceTree = "<group>"; };
		5C2968321A35D3740029CBD0 /* TimelineNavViewController.m */ = {isa = PBXFileReference; fileEncoding = 4; lastKnownFileType = sourcecode.c.objc; name = TimelineNavViewController.m; path = Timeline/TimelineNavViewController.m; sourceTree = "<group>"; };
		5C2968351A35DF0F0029CBD0 /* profile_icon.png */ = {isa = PBXFileReference; lastKnownFileType = image.png; path = profile_icon.png; sourceTree = "<group>"; };
		5C2968361A35DF0F0029CBD0 /* recommand_icon.png */ = {isa = PBXFileReference; lastKnownFileType = image.png; path = recommand_icon.png; sourceTree = "<group>"; };
		5C2968371A35DF0F0029CBD0 /* search_icon.png */ = {isa = PBXFileReference; lastKnownFileType = image.png; path = search_icon.png; sourceTree = "<group>"; };
		5C2968381A35DF0F0029CBD0 /* timeline_icon.png */ = {isa = PBXFileReference; lastKnownFileType = image.png; path = timeline_icon.png; sourceTree = "<group>"; };
		5C6E3F401A2DA8C500E50A7E /* logo.png */ = {isa = PBXFileReference; lastKnownFileType = image.png; name = logo.png; path = Login/imgSource/logo.png; sourceTree = "<group>"; };
		5C6E3F411A2DA8C500E50A7E /* underline.png */ = {isa = PBXFileReference; lastKnownFileType = image.png; name = underline.png; path = Login/imgSource/underline.png; sourceTree = "<group>"; };
		5C8D13001A38560000628527 /* MainTabViewController.h */ = {isa = PBXFileReference; fileEncoding = 4; lastKnownFileType = sourcecode.c.h; name = MainTabViewController.h; path = MainTab/MainTabViewController.h; sourceTree = "<group>"; };
		5C8D13011A38560000628527 /* MainTabViewController.m */ = {isa = PBXFileReference; fileEncoding = 4; lastKnownFileType = sourcecode.c.objc; name = MainTabViewController.m; path = MainTab/MainTabViewController.m; sourceTree = "<group>"; };
		5CAF802C1A2F927900B114F9 /* frame-000000.png */ = {isa = PBXFileReference; lastKnownFileType = image.png; path = "frame-000000.png"; sourceTree = "<group>"; };
		5CAF802D1A2F927900B114F9 /* frame-000001.png */ = {isa = PBXFileReference; lastKnownFileType = image.png; path = "frame-000001.png"; sourceTree = "<group>"; };
		5CAF802E1A2F927900B114F9 /* frame-000002.png */ = {isa = PBXFileReference; lastKnownFileType = image.png; path = "frame-000002.png"; sourceTree = "<group>"; };
		5CAF802F1A2F927900B114F9 /* frame-000003.png */ = {isa = PBXFileReference; lastKnownFileType = image.png; path = "frame-000003.png"; sourceTree = "<group>"; };
		5CAF80301A2F927900B114F9 /* frame-000004.png */ = {isa = PBXFileReference; lastKnownFileType = image.png; path = "frame-000004.png"; sourceTree = "<group>"; };
		5CAF80311A2F927900B114F9 /* frame-000005.png */ = {isa = PBXFileReference; lastKnownFileType = image.png; path = "frame-000005.png"; sourceTree = "<group>"; };
		5CAF80321A2F927900B114F9 /* frame-000006.png */ = {isa = PBXFileReference; lastKnownFileType = image.png; path = "frame-000006.png"; sourceTree = "<group>"; };
		5CAF80331A2F927900B114F9 /* frame-000007.png */ = {isa = PBXFileReference; lastKnownFileType = image.png; path = "frame-000007.png"; sourceTree = "<group>"; };
		5CAF80341A2F927900B114F9 /* frame-000008.png */ = {isa = PBXFileReference; lastKnownFileType = image.png; path = "frame-000008.png"; sourceTree = "<group>"; };
		5CAF80351A2F927900B114F9 /* frame-000009.png */ = {isa = PBXFileReference; lastKnownFileType = image.png; path = "frame-000009.png"; sourceTree = "<group>"; };
		5CAF80361A2F927900B114F9 /* frame-000010.png */ = {isa = PBXFileReference; lastKnownFileType = image.png; path = "frame-000010.png"; sourceTree = "<group>"; };
		5CAF80371A2F927900B114F9 /* frame-000011.png */ = {isa = PBXFileReference; lastKnownFileType = image.png; path = "frame-000011.png"; sourceTree = "<group>"; };
		5CAF80381A2F927900B114F9 /* frame-000012.png */ = {isa = PBXFileReference; lastKnownFileType = image.png; path = "frame-000012.png"; sourceTree = "<group>"; };
		5CAF80391A2F927900B114F9 /* frame-000013.png */ = {isa = PBXFileReference; lastKnownFileType = image.png; path = "frame-000013.png"; sourceTree = "<group>"; };
		5CAF803A1A2F927900B114F9 /* frame-000014.png */ = {isa = PBXFileReference; lastKnownFileType = image.png; path = "frame-000014.png"; sourceTree = "<group>"; };
		5CAF803B1A2F927900B114F9 /* frame-000015.png */ = {isa = PBXFileReference; lastKnownFileType = image.png; path = "frame-000015.png"; sourceTree = "<group>"; };
		5CAF803C1A2F927900B114F9 /* frame-000016.png */ = {isa = PBXFileReference; lastKnownFileType = image.png; path = "frame-000016.png"; sourceTree = "<group>"; };
		5CAF803D1A2F927900B114F9 /* frame-000017.png */ = {isa = PBXFileReference; lastKnownFileType = image.png; path = "frame-000017.png"; sourceTree = "<group>"; };
		5CAF803E1A2F927900B114F9 /* frame-000018.png */ = {isa = PBXFileReference; lastKnownFileType = image.png; path = "frame-000018.png"; sourceTree = "<group>"; };
		5CAF803F1A2F927900B114F9 /* frame-000019.png */ = {isa = PBXFileReference; lastKnownFileType = image.png; path = "frame-000019.png"; sourceTree = "<group>"; };
		5CAF80401A2F927900B114F9 /* frame-000020.png */ = {isa = PBXFileReference; lastKnownFileType = image.png; path = "frame-000020.png"; sourceTree = "<group>"; };
		5CAF80411A2F927900B114F9 /* frame-000021.png */ = {isa = PBXFileReference; lastKnownFileType = image.png; path = "frame-000021.png"; sourceTree = "<group>"; };
		5CAF80421A2F927900B114F9 /* frame-000022.png */ = {isa = PBXFileReference; lastKnownFileType = image.png; path = "frame-000022.png"; sourceTree = "<group>"; };
		5CAF80431A2F927900B114F9 /* frame-000023.png */ = {isa = PBXFileReference; lastKnownFileType = image.png; path = "frame-000023.png"; sourceTree = "<group>"; };
		5CAF80441A2F927900B114F9 /* frame-000024.png */ = {isa = PBXFileReference; lastKnownFileType = image.png; path = "frame-000024.png"; sourceTree = "<group>"; };
		5CAF80451A2F927900B114F9 /* frame-000025.png */ = {isa = PBXFileReference; lastKnownFileType = image.png; path = "frame-000025.png"; sourceTree = "<group>"; };
		5CAF80461A2F927900B114F9 /* frame-000026.png */ = {isa = PBXFileReference; lastKnownFileType = image.png; path = "frame-000026.png"; sourceTree = "<group>"; };
		5CAF80471A2F927900B114F9 /* frame-000027.png */ = {isa = PBXFileReference; lastKnownFileType = image.png; path = "frame-000027.png"; sourceTree = "<group>"; };
		5CAF80481A2F927900B114F9 /* frame-000028.png */ = {isa = PBXFileReference; lastKnownFileType = image.png; path = "frame-000028.png"; sourceTree = "<group>"; };
		5CAF80491A2F927900B114F9 /* frame-000029.png */ = {isa = PBXFileReference; lastKnownFileType = image.png; path = "frame-000029.png"; sourceTree = "<group>"; };
		5CAF804A1A2F927900B114F9 /* frame-000030.png */ = {isa = PBXFileReference; lastKnownFileType = image.png; path = "frame-000030.png"; sourceTree = "<group>"; };
		5CAF804B1A2F927900B114F9 /* frame-000031.png */ = {isa = PBXFileReference; lastKnownFileType = image.png; path = "frame-000031.png"; sourceTree = "<group>"; };
		5CAF804C1A2F927900B114F9 /* frame-000032.png */ = {isa = PBXFileReference; lastKnownFileType = image.png; path = "frame-000032.png"; sourceTree = "<group>"; };
		5CAF804D1A2F927900B114F9 /* frame-000033.png */ = {isa = PBXFileReference; lastKnownFileType = image.png; path = "frame-000033.png"; sourceTree = "<group>"; };
		5CAF804E1A2F927900B114F9 /* frame-000034.png */ = {isa = PBXFileReference; lastKnownFileType = image.png; path = "frame-000034.png"; sourceTree = "<group>"; };
		5CAF804F1A2F927900B114F9 /* frame-000035.png */ = {isa = PBXFileReference; lastKnownFileType = image.png; path = "frame-000035.png"; sourceTree = "<group>"; };
		5CAF80501A2F927900B114F9 /* frame-000036.png */ = {isa = PBXFileReference; lastKnownFileType = image.png; path = "frame-000036.png"; sourceTree = "<group>"; };
		5CAF80511A2F927900B114F9 /* frame-000037.png */ = {isa = PBXFileReference; lastKnownFileType = image.png; path = "frame-000037.png"; sourceTree = "<group>"; };
		5CAF80521A2F927900B114F9 /* frame-000038.png */ = {isa = PBXFileReference; lastKnownFileType = image.png; path = "frame-000038.png"; sourceTree = "<group>"; };
		5CAF80531A2F927900B114F9 /* frame-000039.png */ = {isa = PBXFileReference; lastKnownFileType = image.png; path = "frame-000039.png"; sourceTree = "<group>"; };
		5CAF80541A2F927900B114F9 /* frame-000040.png */ = {isa = PBXFileReference; lastKnownFileType = image.png; path = "frame-000040.png"; sourceTree = "<group>"; };
		5CAF80551A2F927900B114F9 /* frame-000041.png */ = {isa = PBXFileReference; lastKnownFileType = image.png; path = "frame-000041.png"; sourceTree = "<group>"; };
		5CAF80561A2F927900B114F9 /* frame-000042.png */ = {isa = PBXFileReference; lastKnownFileType = image.png; path = "frame-000042.png"; sourceTree = "<group>"; };
		5CAF80571A2F927900B114F9 /* frame-000043.png */ = {isa = PBXFileReference; lastKnownFileType = image.png; path = "frame-000043.png"; sourceTree = "<group>"; };
		5CAF80581A2F927900B114F9 /* frame-000044.png */ = {isa = PBXFileReference; lastKnownFileType = image.png; path = "frame-000044.png"; sourceTree = "<group>"; };
		5CAF80591A2F927900B114F9 /* frame-000045.png */ = {isa = PBXFileReference; lastKnownFileType = image.png; path = "frame-000045.png"; sourceTree = "<group>"; };
		5CAF805A1A2F927900B114F9 /* frame-000046.png */ = {isa = PBXFileReference; lastKnownFileType = image.png; path = "frame-000046.png"; sourceTree = "<group>"; };
		5CAF805B1A2F927900B114F9 /* frame-000047.png */ = {isa = PBXFileReference; lastKnownFileType = image.png; path = "frame-000047.png"; sourceTree = "<group>"; };
		5CAF805C1A2F927A00B114F9 /* frame-000048.png */ = {isa = PBXFileReference; lastKnownFileType = image.png; path = "frame-000048.png"; sourceTree = "<group>"; };
		5CAF805D1A2F927A00B114F9 /* frame-000049.png */ = {isa = PBXFileReference; lastKnownFileType = image.png; path = "frame-000049.png"; sourceTree = "<group>"; };
		5CB742C81A2DAE2A006EA127 /* logo.png */ = {isa = PBXFileReference; lastKnownFileType = image.png; name = logo.png; path = Login/imgSource/logo.png; sourceTree = "<group>"; };
/* End PBXFileReference section */

/* Begin PBXFrameworksBuildPhase section */
		34F8D44C1A2D6228000D257B /* Frameworks */ = {
			isa = PBXFrameworksBuildPhase;
			buildActionMask = 2147483647;
			files = (
			);
			runOnlyForDeploymentPostprocessing = 0;
		};
		34F8D4651A2D6228000D257B /* Frameworks */ = {
			isa = PBXFrameworksBuildPhase;
			buildActionMask = 2147483647;
			files = (
			);
			runOnlyForDeploymentPostprocessing = 0;
		};
/* End PBXFrameworksBuildPhase section */

/* Begin PBXGroup section */
		34F8D4461A2D6228000D257B = {
			isa = PBXGroup;
			children = (
				34F8D4511A2D6228000D257B /* NEXT_Library */,
				34F8D46B1A2D6228000D257B /* NEXT_LibraryTests */,
				34F8D4501A2D6228000D257B /* Products */,
			);
			sourceTree = "<group>";
		};
		34F8D4501A2D6228000D257B /* Products */ = {
			isa = PBXGroup;
			children = (
				34F8D44F1A2D6228000D257B /* NEXT_Library.app */,
				34F8D4681A2D6228000D257B /* NEXT_LibraryTests.xctest */,
			);
			name = Products;
			sourceTree = "<group>";
		};
		34F8D4511A2D6228000D257B /* NEXT_Library */ = {
			isa = PBXGroup;
			children = (
				5C8D12FF1A3855B300628527 /* MainTab */,
				34F8D4561A2D6228000D257B /* AppDelegate.h */,
				5C2968301A35D3420029CBD0 /* Timeline */,
				34F8D47F1A2D639F000D257B /* RegisterEmail */,
				34F8D4781A2D62D5000D257B /* Login */,
				34F8D4571A2D6228000D257B /* AppDelegate.m */,
				34F8D4591A2D6228000D257B /* ViewController.h */,
				34F8D48A1A2D692F000D257B /* imgSorce */,
				34F8D45A1A2D6228000D257B /* ViewController.m */,
				34F8D45C1A2D6228000D257B /* Main.storyboard */,
				34F8D45F1A2D6228000D257B /* Images.xcassets */,
				34F8D4611A2D6228000D257B /* LaunchScreen.xib */,
				34F8D4521A2D6228000D257B /* Supporting Files */,
			);
			path = NEXT_Library;
			sourceTree = "<group>";
		};
		34F8D4521A2D6228000D257B /* Supporting Files */ = {
			isa = PBXGroup;
			children = (
				34F8D4531A2D6228000D257B /* Info.plist */,
				34F8D4541A2D6228000D257B /* main.m */,
			);
			name = "Supporting Files";
			sourceTree = "<group>";
		};
		34F8D46B1A2D6228000D257B /* NEXT_LibraryTests */ = {
			isa = PBXGroup;
			children = (
				34F8D46E1A2D6228000D257B /* NEXT_LibraryTests.m */,
				34F8D46C1A2D6228000D257B /* Supporting Files */,
			);
			path = NEXT_LibraryTests;
			sourceTree = "<group>";
		};
		34F8D46C1A2D6228000D257B /* Supporting Files */ = {
			isa = PBXGroup;
			children = (
				34F8D46D1A2D6228000D257B /* Info.plist */,
			);
			name = "Supporting Files";
			sourceTree = "<group>";
		};
		34F8D4781A2D62D5000D257B /* Login */ = {
			isa = PBXGroup;
			children = (
				5CAF802B1A2F927900B114F9 /* loading */,
				5C6E3F401A2DA8C500E50A7E /* logo.png */,
				5C6E3F411A2DA8C500E50A7E /* underline.png */,
				34F8D4791A2D6313000D257B /* LoginViewController.h */,
				34F8D47A1A2D6313000D257B /* LoginViewController.m */,
				5C0631691A36CF860009D042 /* LoginModel.h */,
				5C06316A1A36CF860009D042 /* LoginModel.m */,
			);
			name = Login;
			sourceTree = "<group>";
		};
		34F8D47F1A2D639F000D257B /* RegisterEmail */ = {
			isa = PBXGroup;
			children = (
				34F8D47D1A2D6393000D257B /* RegisterEmailViewController.m */,
				34F8D47C1A2D6393000D257B /* RegisterEmailViewController.h */,
			);
			name = RegisterEmail;
			sourceTree = "<group>";
		};
		34F8D48A1A2D692F000D257B /* imgSorce */ = {
			isa = PBXGroup;
			children = (
				5CB742C81A2DAE2A006EA127 /* logo.png */,
				34F8D4861A2D692C000D257B /* verticalBar_registerEamil.png */,
				34F8D4841A2D692C000D257B /* inputBar_registerEmail.png */,
			);
			name = imgSorce;
			sourceTree = "<group>";
		};
		5C2968301A35D3420029CBD0 /* Timeline */ = {
			isa = PBXGroup;
			children = (
				5C2968341A35DF0F0029CBD0 /* imgSource */,
				5C2968311A35D3740029CBD0 /* TimelineNavViewController.h */,
				5C2968321A35D3740029CBD0 /* TimelineNavViewController.m */,
				5C0631631A3697EF0009D042 /* TimelineTableViewController.h */,
				5C0631641A3697EF0009D042 /* TimelineTableViewController.m */,
			);
			name = Timeline;
			sourceTree = "<group>";
		};
		5C2968341A35DF0F0029CBD0 /* imgSource */ = {
			isa = PBXGroup;
			children = (
				5C2968351A35DF0F0029CBD0 /* profile_icon.png */,
				5C2968361A35DF0F0029CBD0 /* recommand_icon.png */,
				5C2968371A35DF0F0029CBD0 /* search_icon.png */,
				5C2968381A35DF0F0029CBD0 /* timeline_icon.png */,
			);
			name = imgSource;
			path = Timeline/imgSource;
			sourceTree = "<group>";
		};
		5C8D12FF1A3855B300628527 /* MainTab */ = {
			isa = PBXGroup;
			children = (
				5C8D13001A38560000628527 /* MainTabViewController.h */,
				5C8D13011A38560000628527 /* MainTabViewController.m */,
			);
			name = MainTab;
			sourceTree = "<group>";
		};
		5CAF802B1A2F927900B114F9 /* loading */ = {
			isa = PBXGroup;
			children = (
				5CAF802C1A2F927900B114F9 /* frame-000000.png */,
				5CAF802D1A2F927900B114F9 /* frame-000001.png */,
				5CAF802E1A2F927900B114F9 /* frame-000002.png */,
				5CAF802F1A2F927900B114F9 /* frame-000003.png */,
				5CAF80301A2F927900B114F9 /* frame-000004.png */,
				5CAF80311A2F927900B114F9 /* frame-000005.png */,
				5CAF80321A2F927900B114F9 /* frame-000006.png */,
				5CAF80331A2F927900B114F9 /* frame-000007.png */,
				5CAF80341A2F927900B114F9 /* frame-000008.png */,
				5CAF80351A2F927900B114F9 /* frame-000009.png */,
				5CAF80361A2F927900B114F9 /* frame-000010.png */,
				5CAF80371A2F927900B114F9 /* frame-000011.png */,
				5CAF80381A2F927900B114F9 /* frame-000012.png */,
				5CAF80391A2F927900B114F9 /* frame-000013.png */,
				5CAF803A1A2F927900B114F9 /* frame-000014.png */,
				5CAF803B1A2F927900B114F9 /* frame-000015.png */,
				5CAF803C1A2F927900B114F9 /* frame-000016.png */,
				5CAF803D1A2F927900B114F9 /* frame-000017.png */,
				5CAF803E1A2F927900B114F9 /* frame-000018.png */,
				5CAF803F1A2F927900B114F9 /* frame-000019.png */,
				5CAF80401A2F927900B114F9 /* frame-000020.png */,
				5CAF80411A2F927900B114F9 /* frame-000021.png */,
				5CAF80421A2F927900B114F9 /* frame-000022.png */,
				5CAF80431A2F927900B114F9 /* frame-000023.png */,
				5CAF80441A2F927900B114F9 /* frame-000024.png */,
				5CAF80451A2F927900B114F9 /* frame-000025.png */,
				5CAF80461A2F927900B114F9 /* frame-000026.png */,
				5CAF80471A2F927900B114F9 /* frame-000027.png */,
				5CAF80481A2F927900B114F9 /* frame-000028.png */,
				5CAF80491A2F927900B114F9 /* frame-000029.png */,
				5CAF804A1A2F927900B114F9 /* frame-000030.png */,
				5CAF804B1A2F927900B114F9 /* frame-000031.png */,
				5CAF804C1A2F927900B114F9 /* frame-000032.png */,
				5CAF804D1A2F927900B114F9 /* frame-000033.png */,
				5CAF804E1A2F927900B114F9 /* frame-000034.png */,
				5CAF804F1A2F927900B114F9 /* frame-000035.png */,
				5CAF80501A2F927900B114F9 /* frame-000036.png */,
				5CAF80511A2F927900B114F9 /* frame-000037.png */,
				5CAF80521A2F927900B114F9 /* frame-000038.png */,
				5CAF80531A2F927900B114F9 /* frame-000039.png */,
				5CAF80541A2F927900B114F9 /* frame-000040.png */,
				5CAF80551A2F927900B114F9 /* frame-000041.png */,
				5CAF80561A2F927900B114F9 /* frame-000042.png */,
				5CAF80571A2F927900B114F9 /* frame-000043.png */,
				5CAF80581A2F927900B114F9 /* frame-000044.png */,
				5CAF80591A2F927900B114F9 /* frame-000045.png */,
				5CAF805A1A2F927900B114F9 /* frame-000046.png */,
				5CAF805B1A2F927900B114F9 /* frame-000047.png */,
				5CAF805C1A2F927A00B114F9 /* frame-000048.png */,
				5CAF805D1A2F927A00B114F9 /* frame-000049.png */,
			);
			name = loading;
			path = Login/imgSource/loading;
			sourceTree = "<group>";
		};
/* End PBXGroup section */

/* Begin PBXNativeTarget section */
		34F8D44E1A2D6228000D257B /* NEXT_Library */ = {
			isa = PBXNativeTarget;
			buildConfigurationList = 34F8D4721A2D6228000D257B /* Build configuration list for PBXNativeTarget "NEXT_Library" */;
			buildPhases = (
				34F8D44B1A2D6228000D257B /* Sources */,
				34F8D44C1A2D6228000D257B /* Frameworks */,
				34F8D44D1A2D6228000D257B /* Resources */,
			);
			buildRules = (
			);
			dependencies = (
			);
			name = NEXT_Library;
			productName = NEXT_Library;
			productReference = 34F8D44F1A2D6228000D257B /* NEXT_Library.app */;
			productType = "com.apple.product-type.application";
		};
		34F8D4671A2D6228000D257B /* NEXT_LibraryTests */ = {
			isa = PBXNativeTarget;
			buildConfigurationList = 34F8D4751A2D6228000D257B /* Build configuration list for PBXNativeTarget "NEXT_LibraryTests" */;
			buildPhases = (
				34F8D4641A2D6228000D257B /* Sources */,
				34F8D4651A2D6228000D257B /* Frameworks */,
				34F8D4661A2D6228000D257B /* Resources */,
			);
			buildRules = (
			);
			dependencies = (
				34F8D46A1A2D6228000D257B /* PBXTargetDependency */,
			);
			name = NEXT_LibraryTests;
			productName = NEXT_LibraryTests;
			productReference = 34F8D4681A2D6228000D257B /* NEXT_LibraryTests.xctest */;
			productType = "com.apple.product-type.bundle.unit-test";
		};
/* End PBXNativeTarget section */

/* Begin PBXProject section */
		34F8D4471A2D6228000D257B /* Project object */ = {
			isa = PBXProject;
			attributes = {
				LastUpgradeCheck = 0610;
				ORGANIZATIONNAME = FineApple;
				TargetAttributes = {
					34F8D44E1A2D6228000D257B = {
						CreatedOnToolsVersion = 6.1;
						DevelopmentTeam = 39WT95YDMW;
					};
					34F8D4671A2D6228000D257B = {
						CreatedOnToolsVersion = 6.1;
						TestTargetID = 34F8D44E1A2D6228000D257B;
					};
				};
			};
			buildConfigurationList = 34F8D44A1A2D6228000D257B /* Build configuration list for PBXProject "NEXT_Library" */;
			compatibilityVersion = "Xcode 3.2";
			developmentRegion = English;
			hasScannedForEncodings = 0;
			knownRegions = (
				en,
				Base,
			);
			mainGroup = 34F8D4461A2D6228000D257B;
			productRefGroup = 34F8D4501A2D6228000D257B /* Products */;
			projectDirPath = "";
			projectRoot = "";
			targets = (
				34F8D44E1A2D6228000D257B /* NEXT_Library */,
				34F8D4671A2D6228000D257B /* NEXT_LibraryTests */,
			);
		};
/* End PBXProject section */

/* Begin PBXResourcesBuildPhase section */
		34F8D44D1A2D6228000D257B /* Resources */ = {
			isa = PBXResourcesBuildPhase;
			buildActionMask = 2147483647;
			files = (
				5CAF80771A2F927A00B114F9 /* frame-000025.png in Resources */,
				5C2968391A35DF0F0029CBD0 /* profile_icon.png in Resources */,
				5CAF80751A2F927A00B114F9 /* frame-000023.png in Resources */,
				5C29683A1A35DF0F0029CBD0 /* recommand_icon.png in Resources */,
				34F8D45E1A2D6228000D257B /* Main.storyboard in Resources */,
				34F8D4631A2D6228000D257B /* LaunchScreen.xib in Resources */,
				5CAF80651A2F927A00B114F9 /* frame-000007.png in Resources */,
				5CAF806F1A2F927A00B114F9 /* frame-000017.png in Resources */,
				5C29683B1A35DF0F0029CBD0 /* search_icon.png in Resources */,
				5CAF808D1A2F927A00B114F9 /* frame-000047.png in Resources */,
				5CAF80861A2F927A00B114F9 /* frame-000040.png in Resources */,
				5CAF80801A2F927A00B114F9 /* frame-000034.png in Resources */,
				5CAF80761A2F927A00B114F9 /* frame-000024.png in Resources */,
				5CAF80821A2F927A00B114F9 /* frame-000036.png in Resources */,
				5CAF808A1A2F927A00B114F9 /* frame-000044.png in Resources */,
				5CAF80611A2F927A00B114F9 /* frame-000003.png in Resources */,
				5CAF80791A2F927A00B114F9 /* frame-000027.png in Resources */,
				5CAF80661A2F927A00B114F9 /* frame-000008.png in Resources */,
				5CAF80621A2F927A00B114F9 /* frame-000004.png in Resources */,
				5CAF807F1A2F927A00B114F9 /* frame-000033.png in Resources */,
				5CAF807A1A2F927A00B114F9 /* frame-000028.png in Resources */,
				34F8D4891A2D692C000D257B /* verticalBar_registerEamil.png in Resources */,
				5CAF80731A2F927A00B114F9 /* frame-000021.png in Resources */,
				5CAF80871A2F927A00B114F9 /* frame-000041.png in Resources */,
				5C6E3F421A2DA8C500E50A7E /* logo.png in Resources */,
				5CAF806E1A2F927A00B114F9 /* frame-000016.png in Resources */,
				5CAF80721A2F927A00B114F9 /* frame-000020.png in Resources */,
				5CAF80671A2F927A00B114F9 /* frame-000009.png in Resources */,
				5CAF806C1A2F927A00B114F9 /* frame-000014.png in Resources */,
				5CAF807E1A2F927A00B114F9 /* frame-000032.png in Resources */,
				5CAF80851A2F927A00B114F9 /* frame-000039.png in Resources */,
				5CB742C91A2DAE2A006EA127 /* logo.png in Resources */,
				5CAF80841A2F927A00B114F9 /* frame-000038.png in Resources */,
				5C29683C1A35DF0F0029CBD0 /* timeline_icon.png in Resources */,
				5CAF80741A2F927A00B114F9 /* frame-000022.png in Resources */,
				34F8D4871A2D692C000D257B /* inputBar_registerEmail.png in Resources */,
				5CAF808E1A2F927A00B114F9 /* frame-000048.png in Resources */,
				5CAF806B1A2F927A00B114F9 /* frame-000013.png in Resources */,
				5CAF807D1A2F927A00B114F9 /* frame-000031.png in Resources */,
				5CAF80641A2F927A00B114F9 /* frame-000006.png in Resources */,
				5CAF80601A2F927A00B114F9 /* frame-000002.png in Resources */,
				5CAF80781A2F927A00B114F9 /* frame-000026.png in Resources */,
				5CAF80831A2F927A00B114F9 /* frame-000037.png in Resources */,
				5CAF80701A2F927A00B114F9 /* frame-000018.png in Resources */,
				5CAF80691A2F927A00B114F9 /* frame-000011.png in Resources */,
				5CAF806A1A2F927A00B114F9 /* frame-000012.png in Resources */,
				5CAF807C1A2F927A00B114F9 /* frame-000030.png in Resources */,
				5CAF806D1A2F927A00B114F9 /* frame-000015.png in Resources */,
				5CAF808F1A2F927A00B114F9 /* frame-000049.png in Resources */,
				5CAF80711A2F927A00B114F9 /* frame-000019.png in Resources */,
				5CAF80891A2F927A00B114F9 /* frame-000043.png in Resources */,
				5CAF808B1A2F927A00B114F9 /* frame-000045.png in Resources */,
				5CAF80681A2F927A00B114F9 /* frame-000010.png in Resources */,
				5CAF807B1A2F927A00B114F9 /* frame-000029.png in Resources */,
				5C6E3F431A2DA8C500E50A7E /* underline.png in Resources */,
				5CAF808C1A2F927A00B114F9 /* frame-000046.png in Resources */,
				34F8D4601A2D6228000D257B /* Images.xcassets in Resources */,
				5CAF805F1A2F927A00B114F9 /* frame-000001.png in Resources */,
				5CAF80881A2F927A00B114F9 /* frame-000042.png in Resources */,
				5CAF80631A2F927A00B114F9 /* frame-000005.png in Resources */,
				5CAF805E1A2F927A00B114F9 /* frame-000000.png in Resources */,
				5CAF80811A2F927A00B114F9 /* frame-000035.png in Resources */,
			);
			runOnlyForDeploymentPostprocessing = 0;
		};
		34F8D4661A2D6228000D257B /* Resources */ = {
			isa = PBXResourcesBuildPhase;
			buildActionMask = 2147483647;
			files = (
			);
			runOnlyForDeploymentPostprocessing = 0;
		};
/* End PBXResourcesBuildPhase section */

/* Begin PBXSourcesBuildPhase section */
		34F8D44B1A2D6228000D257B /* Sources */ = {
			isa = PBXSourcesBuildPhase;
			buildActionMask = 2147483647;
			files = (
				34F8D47B1A2D6313000D257B /* LoginViewController.m in Sources */,
				5C8D13021A38560000628527 /* MainTabViewController.m in Sources */,
				5C2968331A35D3740029CBD0 /* TimelineNavViewController.m in Sources */,
				5C06316B1A36CF860009D042 /* LoginModel.m in Sources */,
				34F8D45B1A2D6228000D257B /* ViewController.m in Sources */,
				34F8D4581A2D6228000D257B /* AppDelegate.m in Sources */,
				34F8D4551A2D6228000D257B /* main.m in Sources */,
				5C0631651A3697EF0009D042 /* TimelineTableViewController.m in Sources */,
				34F8D47E1A2D6393000D257B /* RegisterEmailViewController.m in Sources */,
			);
			runOnlyForDeploymentPostprocessing = 0;
		};
		34F8D4641A2D6228000D257B /* Sources */ = {
			isa = PBXSourcesBuildPhase;
			buildActionMask = 2147483647;
			files = (
				34F8D46F1A2D6228000D257B /* NEXT_LibraryTests.m in Sources */,
			);
			runOnlyForDeploymentPostprocessing = 0;
		};
/* End PBXSourcesBuildPhase section */

/* Begin PBXTargetDependency section */
		34F8D46A1A2D6228000D257B /* PBXTargetDependency */ = {
			isa = PBXTargetDependency;
			target = 34F8D44E1A2D6228000D257B /* NEXT_Library */;
			targetProxy = 34F8D4691A2D6228000D257B /* PBXContainerItemProxy */;
		};
/* End PBXTargetDependency section */

/* Begin PBXVariantGroup section */
		34F8D45C1A2D6228000D257B /* Main.storyboard */ = {
			isa = PBXVariantGroup;
			children = (
				34F8D45D1A2D6228000D257B /* Base */,
			);
			name = Main.storyboard;
			sourceTree = "<group>";
		};
		34F8D4611A2D6228000D257B /* LaunchScreen.xib */ = {
			isa = PBXVariantGroup;
			children = (
				34F8D4621A2D6228000D257B /* Base */,
			);
			name = LaunchScreen.xib;
			sourceTree = "<group>";
		};
/* End PBXVariantGroup section */

/* Begin XCBuildConfiguration section */
		34F8D4701A2D6228000D257B /* Debug */ = {
			isa = XCBuildConfiguration;
			buildSettings = {
				ALWAYS_SEARCH_USER_PATHS = NO;
				CLANG_CXX_LANGUAGE_STANDARD = "gnu++0x";
				CLANG_CXX_LIBRARY = "libc++";
				CLANG_ENABLE_MODULES = YES;
				CLANG_ENABLE_OBJC_ARC = YES;
				CLANG_WARN_BOOL_CONVERSION = YES;
				CLANG_WARN_CONSTANT_CONVERSION = YES;
				CLANG_WARN_DIRECT_OBJC_ISA_USAGE = YES_ERROR;
				CLANG_WARN_EMPTY_BODY = YES;
				CLANG_WARN_ENUM_CONVERSION = YES;
				CLANG_WARN_INT_CONVERSION = YES;
				CLANG_WARN_OBJC_ROOT_CLASS = YES_ERROR;
				CLANG_WARN_UNREACHABLE_CODE = YES;
				CLANG_WARN__DUPLICATE_METHOD_MATCH = YES;
				"CODE_SIGN_IDENTITY[sdk=iphoneos*]" = "iPhone Developer";
				COPY_PHASE_STRIP = NO;
				ENABLE_STRICT_OBJC_MSGSEND = YES;
				GCC_C_LANGUAGE_STANDARD = gnu99;
				GCC_DYNAMIC_NO_PIC = NO;
				GCC_OPTIMIZATION_LEVEL = 0;
				GCC_PREPROCESSOR_DEFINITIONS = (
					"DEBUG=1",
					"$(inherited)",
				);
				GCC_SYMBOLS_PRIVATE_EXTERN = NO;
				GCC_WARN_64_TO_32_BIT_CONVERSION = YES;
				GCC_WARN_ABOUT_RETURN_TYPE = YES_ERROR;
				GCC_WARN_UNDECLARED_SELECTOR = YES;
				GCC_WARN_UNINITIALIZED_AUTOS = YES_AGGRESSIVE;
				GCC_WARN_UNUSED_FUNCTION = YES;
				GCC_WARN_UNUSED_VARIABLE = YES;
				IPHONEOS_DEPLOYMENT_TARGET = 8.1;
				MTL_ENABLE_DEBUG_INFO = YES;
				ONLY_ACTIVE_ARCH = YES;
				SDKROOT = iphoneos;
			};
			name = Debug;
		};
		34F8D4711A2D6228000D257B /* Release */ = {
			isa = XCBuildConfiguration;
			buildSettings = {
				ALWAYS_SEARCH_USER_PATHS = NO;
				CLANG_CXX_LANGUAGE_STANDARD = "gnu++0x";
				CLANG_CXX_LIBRARY = "libc++";
				CLANG_ENABLE_MODULES = YES;
				CLANG_ENABLE_OBJC_ARC = YES;
				CLANG_WARN_BOOL_CONVERSION = YES;
				CLANG_WARN_CONSTANT_CONVERSION = YES;
				CLANG_WARN_DIRECT_OBJC_ISA_USAGE = YES_ERROR;
				CLANG_WARN_EMPTY_BODY = YES;
				CLANG_WARN_ENUM_CONVERSION = YES;
				CLANG_WARN_INT_CONVERSION = YES;
				CLANG_WARN_OBJC_ROOT_CLASS = YES_ERROR;
				CLANG_WARN_UNREACHABLE_CODE = YES;
				CLANG_WARN__DUPLICATE_METHOD_MATCH = YES;
				"CODE_SIGN_IDENTITY[sdk=iphoneos*]" = "iPhone Developer";
				COPY_PHASE_STRIP = YES;
				ENABLE_NS_ASSERTIONS = NO;
				ENABLE_STRICT_OBJC_MSGSEND = YES;
				GCC_C_LANGUAGE_STANDARD = gnu99;
				GCC_WARN_64_TO_32_BIT_CONVERSION = YES;
				GCC_WARN_ABOUT_RETURN_TYPE = YES_ERROR;
				GCC_WARN_UNDECLARED_SELECTOR = YES;
				GCC_WARN_UNINITIALIZED_AUTOS = YES_AGGRESSIVE;
				GCC_WARN_UNUSED_FUNCTION = YES;
				GCC_WARN_UNUSED_VARIABLE = YES;
				IPHONEOS_DEPLOYMENT_TARGET = 8.1;
				MTL_ENABLE_DEBUG_INFO = NO;
				SDKROOT = iphoneos;
				VALIDATE_PRODUCT = YES;
			};
			name = Release;
		};
		34F8D4731A2D6228000D257B /* Debug */ = {
			isa = XCBuildConfiguration;
			buildSettings = {
				ASSETCATALOG_COMPILER_APPICON_NAME = AppIcon;
				CODE_SIGN_IDENTITY = "iPhone Developer";
				INFOPLIST_FILE = NEXT_Library/Info.plist;
				IPHONEOS_DEPLOYMENT_TARGET = 7.0;
				LD_RUNPATH_SEARCH_PATHS = "$(inherited) @executable_path/Frameworks";
				PRODUCT_NAME = "$(TARGET_NAME)";
				TARGETED_DEVICE_FAMILY = 1;
			};
			name = Debug;
		};
		34F8D4741A2D6228000D257B /* Release */ = {
			isa = XCBuildConfiguration;
			buildSettings = {
				ASSETCATALOG_COMPILER_APPICON_NAME = AppIcon;
				CODE_SIGN_IDENTITY = "iPhone Developer";
				INFOPLIST_FILE = NEXT_Library/Info.plist;
				IPHONEOS_DEPLOYMENT_TARGET = 7.0;
				LD_RUNPATH_SEARCH_PATHS = "$(inherited) @executable_path/Frameworks";
				PRODUCT_NAME = "$(TARGET_NAME)";
				TARGETED_DEVICE_FAMILY = 1;
			};
			name = Release;
		};
		34F8D4761A2D6228000D257B /* Debug */ = {
			isa = XCBuildConfiguration;
			buildSettings = {
				BUNDLE_LOADER = "$(TEST_HOST)";
				FRAMEWORK_SEARCH_PATHS = (
					"$(SDKROOT)/Developer/Library/Frameworks",
					"$(inherited)",
				);
				GCC_PREPROCESSOR_DEFINITIONS = (
					"DEBUG=1",
					"$(inherited)",
				);
				INFOPLIST_FILE = NEXT_LibraryTests/Info.plist;
				LD_RUNPATH_SEARCH_PATHS = "$(inherited) @executable_path/Frameworks @loader_path/Frameworks";
				PRODUCT_NAME = "$(TARGET_NAME)";
				TEST_HOST = "$(BUILT_PRODUCTS_DIR)/NEXT_Library.app/NEXT_Library";
			};
			name = Debug;
		};
		34F8D4771A2D6228000D257B /* Release */ = {
			isa = XCBuildConfiguration;
			buildSettings = {
				BUNDLE_LOADER = "$(TEST_HOST)";
				FRAMEWORK_SEARCH_PATHS = (
					"$(SDKROOT)/Developer/Library/Frameworks",
					"$(inherited)",
				);
				INFOPLIST_FILE = NEXT_LibraryTests/Info.plist;
				LD_RUNPATH_SEARCH_PATHS = "$(inherited) @executable_path/Frameworks @loader_path/Frameworks";
				PRODUCT_NAME = "$(TARGET_NAME)";
				TEST_HOST = "$(BUILT_PRODUCTS_DIR)/NEXT_Library.app/NEXT_Library";
			};
			name = Release;
		};
/* End XCBuildConfiguration section */

/* Begin XCConfigurationList section */
		34F8D44A1A2D6228000D257B /* Build configuration list for PBXProject "NEXT_Library" */ = {
			isa = XCConfigurationList;
			buildConfigurations = (
				34F8D4701A2D6228000D257B /* Debug */,
				34F8D4711A2D6228000D257B /* Release */,
			);
			defaultConfigurationIsVisible = 0;
			defaultConfigurationName = Release;
		};
		34F8D4721A2D6228000D257B /* Build configuration list for PBXNativeTarget "NEXT_Library" */ = {
			isa = XCConfigurationList;
			buildConfigurations = (
				34F8D4731A2D6228000D257B /* Debug */,
				34F8D4741A2D6228000D257B /* Release */,
			);
			defaultConfigurationIsVisible = 0;
			defaultConfigurationName = Release;
		};
		34F8D4751A2D6228000D257B /* Build configuration list for PBXNativeTarget "NEXT_LibraryTests" */ = {
			isa = XCConfigurationList;
			buildConfigurations = (
				34F8D4761A2D6228000D257B /* Debug */,
				34F8D4771A2D6228000D257B /* Release */,
			);
			defaultConfigurationIsVisible = 0;
			defaultConfigurationName = Release;
		};
/* End XCConfigurationList section */
	};
	rootObject = 34F8D4471A2D6228000D257B /* Project object */;
}
